
Microsoft Visual Studio Solution File, Format Version 12.00
# Visual Studio Version 17
VisualStudioVersion = 17.6.33723.286
MinimumVisualStudioVersion = 10.0.40219.1
Project("{FAE04EC0-301F-11D3-BF4B-00C04F79EFBC}") = "ModelWebApplication", "ModelWebApplication\ModelWebApplication.csproj", "{FF341AC9-10F3-4A99-B3F7-79963D9D0CB9}"
EndProject
Global
	GlobalSection(SolutionConfigurationPlatforms) = preSolution
		Debug|Any CPU = Debug|Any CPU
		Release|Any CPU = Release|Any CPU
	EndGlobalSection
	GlobalSection(ProjectConfigurationPlatforms) = postSolution
		{FF341AC9-10F3-4A99-B3F7-79963D9D0CB9}.Debug|Any CPU.ActiveCfg = Debug|Any CPU
		{FF341AC9-10F3-4A99-B3F7-79963D9D0CB9}.Debug|Any CPU.Build.0 = Debug|Any CPU
		{FF341AC9-10F3-4A99-B3F7-79963D9D0CB9}.Release|Any CPU.ActiveCfg = Release|Any CPU
		{FF341AC9-10F3-4A99-B3F7-79963D9D0CB9}.Release|Any CPU.Build.0 = Release|Any CPU
	EndGlobalSection
	GlobalSection(SolutionProperties) = preSolution
		HideSolutionNode = FALSE
	EndGlobalSection
	GlobalSection(ExtensibilityGlobals) = postSolution
		SolutionGuid = {E1FF708B-CD33-4174-9BA0-C571D08ADAF4}
	EndGlobalSection
EndGlobal
