
Microsoft Visual Studio Solution File, Format Version 12.00
# Visual Studio Version 17
VisualStudioVersion = 17.5.33627.172
MinimumVisualStudioVersion = 10.0.40219.1
Project("{9A19103F-16F7-4668-BE54-9A1E7A4F7556}") = "Methods", "07. Methods\Methods.csproj", "{A1B2C3D4-E5F6-7890-ABCD-EF1234567003}"
EndProject
Project("{2150E333-8FDC-42A3-9474-1A3956D46DE8}") = "07. Control Flow & Loops", "07. Control Flow & Loops", "{E447D0E5-7BAF-25F1-02AC-635348331B9B}"
EndProject
Project("{FAE04EC0-301F-11D3-BF4B-00C04F79EFBC}") = "ControlFlowAndLoops", "07. Control Flow & Loops\ControlFlowAndLoops.csproj", "{A1B2C3D4-E5F6-7890-ABCD-EF1234567004}"
EndProject
Project("{9A19103F-16F7-4668-BE54-9A1E7A4F7556}") = "Arrays", "09. Arrays\Arrays.csproj", "{A1B2C3D4-E5F6-7890-ABCD-EF1234567006}"
EndProject
Project("{9A19103F-16F7-4668-BE54-9A1E7A4F7556}") = "ExceptionHandling", "10. Exception Handling\ExceptionHandling.csproj", "{A1B2C3D4-E5F6-7890-ABCD-EF1234567014}"
EndProject
Project("{2150E333-8FDC-42A3-9474-1A3956D46DE8}") = "01. Hello World", "01. Hello World", "{007F1756-CF4F-2C95-BBD2-F0835791C942}"
EndProject
Project("{FAE04EC0-301F-11D3-BF4B-00C04F79EFBC}") = "HelloWorld", "01. Hello World\HelloWorld.csproj", "{4CFA6086-DDB3-48C1-8496-4DC7FF91BEE8}"
EndProject
Project("{2150E333-8FDC-42A3-9474-1A3956D46DE8}") = "02. Data Types and Variables", "02. Data Types and Variables", "{821AC1B7-C772-7F43-B26F-672E09018DA3}"
EndProject
Project("{FAE04EC0-301F-11D3-BF4B-00C04F79EFBC}") = "DataTypesAndVariables", "02. Data Types and Variables\DataTypesAndVariables.csproj", "{29AD0F93-EBFF-4AFB-B49B-BA4DDA1B7783}"
EndProject
Project("{2150E333-8FDC-42A3-9474-1A3956D46DE8}") = "00. Practice", "00. Practice", "{0230BECB-A0F4-419F-6A06-31A751C3C892}"
EndProject
Project("{FAE04EC0-301F-11D3-BF4B-00C04F79EFBC}") = "HelloWorldPractice", "00. Practice\01. Hello World\HelloWorldPractice.csproj", "{196CDF3D-3BD4-4A4A-9685-2CC4102781D2}"
EndProject
Project("{FAE04EC0-301F-11D3-BF4B-00C04F79EFBC}") = "DataTypesAndVariablesPractice", "00. Practice\02. Data Types and Variables\DataTypesAndVariablesPractice.csproj", "{B7E3A1C2-4D5F-6789-0ABC-DEF123456789}"
EndProject
Project("{2150E333-8FDC-42A3-9474-1A3956D46DE8}") = "03. Input & Output", "03. Input & Output", "{F4A5B6C7-D8E9-0123-F456-789ABCDEF012}"
EndProject
Project("{FAE04EC0-301F-11D3-BF4B-00C04F79EFBC}") = "InputAndOutput", "03. Input & Output\InputAndOutput.csproj", "{A5B6C7D8-E9F0-1234-5678-9ABCDEF01234}"
EndProject
Project("{FAE04EC0-301F-11D3-BF4B-00C04F79EFBC}") = "InputAndOutputPractice", "00. Practice\03. Input & Output\InputAndOutputPractice.csproj", "{B6C7D8E9-F0A1-2345-6789-ABCDEF012345}"
EndProject
Project("{2150E333-8FDC-42A3-9474-1A3956D46DE8}") = "04. Operators and Expressions", "04. Operators and Expressions", "{C7D8E9F0-A1B2-3456-789A-BCDEF0123456}"
EndProject
Project("{FAE04EC0-301F-11D3-BF4B-00C04F79EFBC}") = "OperatorsAndExpressions", "04. Operators and Expressions\OperatorsAndExpressions.csproj", "{D8E9F0A1-B2C3-4567-89AB-CDEF01234567}"
EndProject
Project("{FAE04EC0-301F-11D3-BF4B-00C04F79EFBC}") = "OperatorsAndExpressionsPractice", "00. Practice\04. Operators and Expressions\OperatorsAndExpressionsPractice.csproj", "{E9F0A1B2-C3D4-5678-9ABC-DEF012345678}"
EndProject
Project("{2150E333-8FDC-42A3-9474-1A3956D46DE8}") = "05. Type Conversion and Casting", "05. Type Conversion and Casting", "{F0A1B2C3-D4E5-6789-ABCD-EF0123456789}"
EndProject
Project("{FAE04EC0-301F-11D3-BF4B-00C04F79EFBC}") = "TypeConversionAndCasting", "05. Type Conversion and Casting\TypeConversionAndCasting.csproj", "{A1B2C3D4-E5F6-7890-ABCD-EF1234567007}"
EndProject
Project("{2150E333-8FDC-42A3-9474-1A3956D46DE8}") = "08. Strings", "08. Strings", "{4A99D460-69A2-8810-25FD-5EA7447D240B}"
EndProject
Project("{FAE04EC0-301F-11D3-BF4B-00C04F79EFBC}") = "Strings", "08. Strings\Strings.csproj", "{0013602A-AB63-40CF-956E-04176DBDEBA0}"
EndProject
Global
	GlobalSection(SolutionConfigurationPlatforms) = preSolution
		Debug|Any CPU = Debug|Any CPU
		Debug|x64 = Debug|x64
		Debug|x86 = Debug|x86
		Release|Any CPU = Release|Any CPU
		Release|x64 = Release|x64
		Release|x86 = Release|x86
	EndGlobalSection
	GlobalSection(ProjectConfigurationPlatforms) = postSolution
		{A1B2C3D4-E5F6-7890-ABCD-EF1234567003}.Debug|Any CPU.ActiveCfg = Debug|Any CPU
		{A1B2C3D4-E5F6-7890-ABCD-EF1234567003}.Debug|Any CPU.Build.0 = Debug|Any CPU
		{A1B2C3D4-E5F6-7890-ABCD-EF1234567003}.Debug|x64.ActiveCfg = Debug|Any CPU
		{A1B2C3D4-E5F6-7890-ABCD-EF1234567003}.Debug|x64.Build.0 = Debug|Any CPU
		{A1B2C3D4-E5F6-7890-ABCD-EF1234567003}.Debug|x86.ActiveCfg = Debug|Any CPU
		{A1B2C3D4-E5F6-7890-ABCD-EF1234567003}.Debug|x86.Build.0 = Debug|Any CPU
		{A1B2C3D4-E5F6-7890-ABCD-EF1234567003}.Release|Any CPU.ActiveCfg = Release|Any CPU
		{A1B2C3D4-E5F6-7890-ABCD-EF1234567003}.Release|Any CPU.Build.0 = Release|Any CPU
		{A1B2C3D4-E5F6-7890-ABCD-EF1234567003}.Release|x64.ActiveCfg = Release|Any CPU
		{A1B2C3D4-E5F6-7890-ABCD-EF1234567003}.Release|x64.Build.0 = Release|Any CPU
		{A1B2C3D4-E5F6-7890-ABCD-EF1234567003}.Release|x86.ActiveCfg = Release|Any CPU
		{A1B2C3D4-E5F6-7890-ABCD-EF1234567003}.Release|x86.Build.0 = Release|Any CPU
		{A1B2C3D4-E5F6-7890-ABCD-EF1234567004}.Debug|Any CPU.ActiveCfg = Debug|Any CPU
		{A1B2C3D4-E5F6-7890-ABCD-EF1234567004}.Debug|Any CPU.Build.0 = Debug|Any CPU
		{A1B2C3D4-E5F6-7890-ABCD-EF1234567004}.Debug|x64.ActiveCfg = Debug|Any CPU
		{A1B2C3D4-E5F6-7890-ABCD-EF1234567004}.Debug|x64.Build.0 = Debug|Any CPU
		{A1B2C3D4-E5F6-7890-ABCD-EF1234567004}.Debug|x86.ActiveCfg = Debug|Any CPU
		{A1B2C3D4-E5F6-7890-ABCD-EF1234567004}.Debug|x86.Build.0 = Debug|Any CPU
		{A1B2C3D4-E5F6-7890-ABCD-EF1234567004}.Release|Any CPU.ActiveCfg = Release|Any CPU
		{A1B2C3D4-E5F6-7890-ABCD-EF1234567004}.Release|Any CPU.Build.0 = Release|Any CPU
		{A1B2C3D4-E5F6-7890-ABCD-EF1234567004}.Release|x64.ActiveCfg = Release|Any CPU
		{A1B2C3D4-E5F6-7890-ABCD-EF1234567004}.Release|x64.Build.0 = Release|Any CPU
		{A1B2C3D4-E5F6-7890-ABCD-EF1234567004}.Release|x86.ActiveCfg = Release|Any CPU
		{A1B2C3D4-E5F6-7890-ABCD-EF1234567004}.Release|x86.Build.0 = Release|Any CPU
		{A1B2C3D4-E5F6-7890-ABCD-EF1234567006}.Debug|Any CPU.ActiveCfg = Debug|Any CPU
		{A1B2C3D4-E5F6-7890-ABCD-EF1234567006}.Debug|Any CPU.Build.0 = Debug|Any CPU
		{A1B2C3D4-E5F6-7890-ABCD-EF1234567006}.Debug|x64.ActiveCfg = Debug|Any CPU
		{A1B2C3D4-E5F6-7890-ABCD-EF1234567006}.Debug|x64.Build.0 = Debug|Any CPU
		{A1B2C3D4-E5F6-7890-ABCD-EF1234567006}.Debug|x86.ActiveCfg = Debug|Any CPU
		{A1B2C3D4-E5F6-7890-ABCD-EF1234567006}.Debug|x86.Build.0 = Debug|Any CPU
		{A1B2C3D4-E5F6-7890-ABCD-EF1234567006}.Release|Any CPU.ActiveCfg = Release|Any CPU
		{A1B2C3D4-E5F6-7890-ABCD-EF1234567006}.Release|Any CPU.Build.0 = Release|Any CPU
		{A1B2C3D4-E5F6-7890-ABCD-EF1234567006}.Release|x64.ActiveCfg = Release|Any CPU
		{A1B2C3D4-E5F6-7890-ABCD-EF1234567006}.Release|x64.Build.0 = Release|Any CPU
		{A1B2C3D4-E5F6-7890-ABCD-EF1234567006}.Release|x86.ActiveCfg = Release|Any CPU
		{A1B2C3D4-E5F6-7890-ABCD-EF1234567006}.Release|x86.Build.0 = Release|Any CPU
		{A1B2C3D4-E5F6-7890-ABCD-EF1234567014}.Debug|Any CPU.ActiveCfg = Debug|Any CPU
		{A1B2C3D4-E5F6-7890-ABCD-EF1234567014}.Debug|Any CPU.Build.0 = Debug|Any CPU
		{A1B2C3D4-E5F6-7890-ABCD-EF1234567014}.Debug|x64.ActiveCfg = Debug|Any CPU
		{A1B2C3D4-E5F6-7890-ABCD-EF1234567014}.Debug|x64.Build.0 = Debug|Any CPU
		{A1B2C3D4-E5F6-7890-ABCD-EF1234567014}.Debug|x86.ActiveCfg = Debug|Any CPU
		{A1B2C3D4-E5F6-7890-ABCD-EF1234567014}.Debug|x86.Build.0 = Debug|Any CPU
		{A1B2C3D4-E5F6-7890-ABCD-EF1234567014}.Release|Any CPU.ActiveCfg = Release|Any CPU
		{A1B2C3D4-E5F6-7890-ABCD-EF1234567014}.Release|Any CPU.Build.0 = Release|Any CPU
		{A1B2C3D4-E5F6-7890-ABCD-EF1234567014}.Release|x64.ActiveCfg = Release|Any CPU
		{A1B2C3D4-E5F6-7890-ABCD-EF1234567014}.Release|x64.Build.0 = Release|Any CPU
		{A1B2C3D4-E5F6-7890-ABCD-EF1234567014}.Release|x86.ActiveCfg = Release|Any CPU
		{A1B2C3D4-E5F6-7890-ABCD-EF1234567014}.Release|x86.Build.0 = Release|Any CPU
		{4CFA6086-DDB3-48C1-8496-4DC7FF91BEE8}.Debug|Any CPU.ActiveCfg = Debug|Any CPU
		{4CFA6086-DDB3-48C1-8496-4DC7FF91BEE8}.Debug|Any CPU.Build.0 = Debug|Any CPU
		{4CFA6086-DDB3-48C1-8496-4DC7FF91BEE8}.Debug|x64.ActiveCfg = Debug|Any CPU
		{4CFA6086-DDB3-48C1-8496-4DC7FF91BEE8}.Debug|x64.Build.0 = Debug|Any CPU
		{4CFA6086-DDB3-48C1-8496-4DC7FF91BEE8}.Debug|x86.ActiveCfg = Debug|Any CPU
		{4CFA6086-DDB3-48C1-8496-4DC7FF91BEE8}.Debug|x86.Build.0 = Debug|Any CPU
		{4CFA6086-DDB3-48C1-8496-4DC7FF91BEE8}.Release|Any CPU.ActiveCfg = Release|Any CPU
		{4CFA6086-DDB3-48C1-8496-4DC7FF91BEE8}.Release|Any CPU.Build.0 = Release|Any CPU
		{4CFA6086-DDB3-48C1-8496-4DC7FF91BEE8}.Release|x64.ActiveCfg = Release|Any CPU
		{4CFA6086-DDB3-48C1-8496-4DC7FF91BEE8}.Release|x64.Build.0 = Release|Any CPU
		{4CFA6086-DDB3-48C1-8496-4DC7FF91BEE8}.Release|x86.ActiveCfg = Release|Any CPU
		{4CFA6086-DDB3-48C1-8496-4DC7FF91BEE8}.Release|x86.Build.0 = Release|Any CPU
		{29AD0F93-EBFF-4AFB-B49B-BA4DDA1B7783}.Debug|Any CPU.ActiveCfg = Debug|Any CPU
		{29AD0F93-EBFF-4AFB-B49B-BA4DDA1B7783}.Debug|Any CPU.Build.0 = Debug|Any CPU
		{29AD0F93-EBFF-4AFB-B49B-BA4DDA1B7783}.Debug|x64.ActiveCfg = Debug|Any CPU
		{29AD0F93-EBFF-4AFB-B49B-BA4DDA1B7783}.Debug|x64.Build.0 = Debug|Any CPU
		{29AD0F93-EBFF-4AFB-B49B-BA4DDA1B7783}.Debug|x86.ActiveCfg = Debug|Any CPU
		{29AD0F93-EBFF-4AFB-B49B-BA4DDA1B7783}.Debug|x86.Build.0 = Debug|Any CPU
		{29AD0F93-EBFF-4AFB-B49B-BA4DDA1B7783}.Release|Any CPU.ActiveCfg = Release|Any CPU
		{29AD0F93-EBFF-4AFB-B49B-BA4DDA1B7783}.Release|Any CPU.Build.0 = Release|Any CPU
		{29AD0F93-EBFF-4AFB-B49B-BA4DDA1B7783}.Release|x64.ActiveCfg = Release|Any CPU
		{29AD0F93-EBFF-4AFB-B49B-BA4DDA1B7783}.Release|x64.Build.0 = Release|Any CPU
		{29AD0F93-EBFF-4AFB-B49B-BA4DDA1B7783}.Release|x86.ActiveCfg = Release|Any CPU
		{29AD0F93-EBFF-4AFB-B49B-BA4DDA1B7783}.Release|x86.Build.0 = Release|Any CPU
		{196CDF3D-3BD4-4A4A-9685-2CC4102781D2}.Debug|Any CPU.ActiveCfg = Debug|Any CPU
		{196CDF3D-3BD4-4A4A-9685-2CC4102781D2}.Debug|Any CPU.Build.0 = Debug|Any CPU
		{196CDF3D-3BD4-4A4A-9685-2CC4102781D2}.Debug|x64.ActiveCfg = Debug|Any CPU
		{196CDF3D-3BD4-4A4A-9685-2CC4102781D2}.Debug|x64.Build.0 = Debug|Any CPU
		{196CDF3D-3BD4-4A4A-9685-2CC4102781D2}.Debug|x86.ActiveCfg = Debug|Any CPU
		{196CDF3D-3BD4-4A4A-9685-2CC4102781D2}.Debug|x86.Build.0 = Debug|Any CPU
		{196CDF3D-3BD4-4A4A-9685-2CC4102781D2}.Release|Any CPU.ActiveCfg = Release|Any CPU
		{196CDF3D-3BD4-4A4A-9685-2CC4102781D2}.Release|Any CPU.Build.0 = Release|Any CPU
		{196CDF3D-3BD4-4A4A-9685-2CC4102781D2}.Release|x64.ActiveCfg = Release|Any CPU
		{196CDF3D-3BD4-4A4A-9685-2CC4102781D2}.Release|x64.Build.0 = Release|Any CPU
		{196CDF3D-3BD4-4A4A-9685-2CC4102781D2}.Release|x86.ActiveCfg = Release|Any CPU
		{196CDF3D-3BD4-4A4A-9685-2CC4102781D2}.Release|x86.Build.0 = Release|Any CPU
		{B7E3A1C2-4D5F-6789-0ABC-DEF123456789}.Debug|Any CPU.ActiveCfg = Debug|Any CPU
		{B7E3A1C2-4D5F-6789-0ABC-DEF123456789}.Debug|Any CPU.Build.0 = Debug|Any CPU
		{B7E3A1C2-4D5F-6789-0ABC-DEF123456789}.Debug|x64.ActiveCfg = Debug|Any CPU
		{B7E3A1C2-4D5F-6789-0ABC-DEF123456789}.Debug|x64.Build.0 = Debug|Any CPU
		{B7E3A1C2-4D5F-6789-0ABC-DEF123456789}.Debug|x86.ActiveCfg = Debug|Any CPU
		{B7E3A1C2-4D5F-6789-0ABC-DEF123456789}.Debug|x86.Build.0 = Debug|Any CPU
		{B7E3A1C2-4D5F-6789-0ABC-DEF123456789}.Release|Any CPU.ActiveCfg = Release|Any CPU
		{B7E3A1C2-4D5F-6789-0ABC-DEF123456789}.Release|Any CPU.Build.0 = Release|Any CPU
		{B7E3A1C2-4D5F-6789-0ABC-DEF123456789}.Release|x64.ActiveCfg = Release|Any CPU
		{B7E3A1C2-4D5F-6789-0ABC-DEF123456789}.Release|x64.Build.0 = Release|Any CPU
		{B7E3A1C2-4D5F-6789-0ABC-DEF123456789}.Release|x86.ActiveCfg = Release|Any CPU
		{B7E3A1C2-4D5F-6789-0ABC-DEF123456789}.Release|x86.Build.0 = Release|Any CPU
		{A5B6C7D8-E9F0-1234-5678-9ABCDEF01234}.Debug|Any CPU.ActiveCfg = Debug|Any CPU
		{A5B6C7D8-E9F0-1234-5678-9ABCDEF01234}.Debug|Any CPU.Build.0 = Debug|Any CPU
		{A5B6C7D8-E9F0-1234-5678-9ABCDEF01234}.Debug|x64.ActiveCfg = Debug|Any CPU
		{A5B6C7D8-E9F0-1234-5678-9ABCDEF01234}.Debug|x64.Build.0 = Debug|Any CPU
		{A5B6C7D8-E9F0-1234-5678-9ABCDEF01234}.Debug|x86.ActiveCfg = Debug|Any CPU
		{A5B6C7D8-E9F0-1234-5678-9ABCDEF01234}.Debug|x86.Build.0 = Debug|Any CPU
		{A5B6C7D8-E9F0-1234-5678-9ABCDEF01234}.Release|Any CPU.ActiveCfg = Release|Any CPU
		{A5B6C7D8-E9F0-1234-5678-9ABCDEF01234}.Release|Any CPU.Build.0 = Release|Any CPU
		{A5B6C7D8-E9F0-1234-5678-9ABCDEF01234}.Release|x64.ActiveCfg = Release|Any CPU
		{A5B6C7D8-E9F0-1234-5678-9ABCDEF01234}.Release|x64.Build.0 = Release|Any CPU
		{A5B6C7D8-E9F0-1234-5678-9ABCDEF01234}.Release|x86.ActiveCfg = Release|Any CPU
		{A5B6C7D8-E9F0-1234-5678-9ABCDEF01234}.Release|x86.Build.0 = Release|Any CPU
		{B6C7D8E9-F0A1-2345-6789-ABCDEF012345}.Debug|Any CPU.ActiveCfg = Debug|Any CPU
		{B6C7D8E9-F0A1-2345-6789-ABCDEF012345}.Debug|Any CPU.Build.0 = Debug|Any CPU
		{B6C7D8E9-F0A1-2345-6789-ABCDEF012345}.Debug|x64.ActiveCfg = Debug|Any CPU
		{B6C7D8E9-F0A1-2345-6789-ABCDEF012345}.Debug|x64.Build.0 = Debug|Any CPU
		{B6C7D8E9-F0A1-2345-6789-ABCDEF012345}.Debug|x86.ActiveCfg = Debug|Any CPU
		{B6C7D8E9-F0A1-2345-6789-ABCDEF012345}.Debug|x86.Build.0 = Debug|Any CPU
		{B6C7D8E9-F0A1-2345-6789-ABCDEF012345}.Release|Any CPU.ActiveCfg = Release|Any CPU
		{B6C7D8E9-F0A1-2345-6789-ABCDEF012345}.Release|Any CPU.Build.0 = Release|Any CPU
		{B6C7D8E9-F0A1-2345-6789-ABCDEF012345}.Release|x64.ActiveCfg = Release|Any CPU
		{B6C7D8E9-F0A1-2345-6789-ABCDEF012345}.Release|x64.Build.0 = Release|Any CPU
		{B6C7D8E9-F0A1-2345-6789-ABCDEF012345}.Release|x86.ActiveCfg = Release|Any CPU
		{B6C7D8E9-F0A1-2345-6789-ABCDEF012345}.Release|x86.Build.0 = Release|Any CPU
		{D8E9F0A1-B2C3-4567-89AB-CDEF01234567}.Debug|Any CPU.ActiveCfg = Debug|Any CPU
		{D8E9F0A1-B2C3-4567-89AB-CDEF01234567}.Debug|Any CPU.Build.0 = Debug|Any CPU
		{D8E9F0A1-B2C3-4567-89AB-CDEF01234567}.Debug|x64.ActiveCfg = Debug|Any CPU
		{D8E9F0A1-B2C3-4567-89AB-CDEF01234567}.Debug|x64.Build.0 = Debug|Any CPU
		{D8E9F0A1-B2C3-4567-89AB-CDEF01234567}.Debug|x86.ActiveCfg = Debug|Any CPU
		{D8E9F0A1-B2C3-4567-89AB-CDEF01234567}.Debug|x86.Build.0 = Debug|Any CPU
		{D8E9F0A1-B2C3-4567-89AB-CDEF01234567}.Release|Any CPU.ActiveCfg = Release|Any CPU
		{D8E9F0A1-B2C3-4567-89AB-CDEF01234567}.Release|Any CPU.Build.0 = Release|Any CPU
		{D8E9F0A1-B2C3-4567-89AB-CDEF01234567}.Release|x64.ActiveCfg = Release|Any CPU
		{D8E9F0A1-B2C3-4567-89AB-CDEF01234567}.Release|x64.Build.0 = Release|Any CPU
		{D8E9F0A1-B2C3-4567-89AB-CDEF01234567}.Release|x86.ActiveCfg = Release|Any CPU
		{D8E9F0A1-B2C3-4567-89AB-CDEF01234567}.Release|x86.Build.0 = Release|Any CPU
		{E9F0A1B2-C3D4-5678-9ABC-DEF012345678}.Debug|Any CPU.ActiveCfg = Debug|Any CPU
		{E9F0A1B2-C3D4-5678-9ABC-DEF012345678}.Debug|Any CPU.Build.0 = Debug|Any CPU
		{E9F0A1B2-C3D4-5678-9ABC-DEF012345678}.Debug|x64.ActiveCfg = Debug|Any CPU
		{E9F0A1B2-C3D4-5678-9ABC-DEF012345678}.Debug|x64.Build.0 = Debug|Any CPU
		{E9F0A1B2-C3D4-5678-9ABC-DEF012345678}.Debug|x86.ActiveCfg = Debug|Any CPU
		{E9F0A1B2-C3D4-5678-9ABC-DEF012345678}.Debug|x86.Build.0 = Debug|Any CPU
		{E9F0A1B2-C3D4-5678-9ABC-DEF012345678}.Release|Any CPU.ActiveCfg = Release|Any CPU
		{E9F0A1B2-C3D4-5678-9ABC-DEF012345678}.Release|Any CPU.Build.0 = Release|Any CPU
		{E9F0A1B2-C3D4-5678-9ABC-DEF012345678}.Release|x64.ActiveCfg = Release|Any CPU
		{E9F0A1B2-C3D4-5678-9ABC-DEF012345678}.Release|x64.Build.0 = Release|Any CPU
		{E9F0A1B2-C3D4-5678-9ABC-DEF012345678}.Release|x86.ActiveCfg = Release|Any CPU
		{E9F0A1B2-C3D4-5678-9ABC-DEF012345678}.Release|x86.Build.0 = Release|Any CPU
		{A1B2C3D4-E5F6-7890-ABCD-EF1234567007}.Debug|Any CPU.ActiveCfg = Debug|Any CPU
		{A1B2C3D4-E5F6-7890-ABCD-EF1234567007}.Debug|Any CPU.Build.0 = Debug|Any CPU
		{A1B2C3D4-E5F6-7890-ABCD-EF1234567007}.Debug|x64.ActiveCfg = Debug|Any CPU
		{A1B2C3D4-E5F6-7890-ABCD-EF1234567007}.Debug|x64.Build.0 = Debug|Any CPU
		{A1B2C3D4-E5F6-7890-ABCD-EF1234567007}.Debug|x86.ActiveCfg = Debug|Any CPU
		{A1B2C3D4-E5F6-7890-ABCD-EF1234567007}.Debug|x86.Build.0 = Debug|Any CPU
		{A1B2C3D4-E5F6-7890-ABCD-EF1234567007}.Release|Any CPU.ActiveCfg = Release|Any CPU
		{A1B2C3D4-E5F6-7890-ABCD-EF1234567007}.Release|Any CPU.Build.0 = Release|Any CPU
		{A1B2C3D4-E5F6-7890-ABCD-EF1234567007}.Release|x64.ActiveCfg = Release|Any CPU
		{A1B2C3D4-E5F6-7890-ABCD-EF1234567007}.Release|x64.Build.0 = Release|Any CPU
		{A1B2C3D4-E5F6-7890-ABCD-EF1234567007}.Release|x86.ActiveCfg = Release|Any CPU
		{A1B2C3D4-E5F6-7890-ABCD-EF1234567007}.Release|x86.Build.0 = Release|Any CPU
		{0013602A-AB63-40CF-956E-04176DBDEBA0}.Debug|Any CPU.ActiveCfg = Debug|Any CPU
		{0013602A-AB63-40CF-956E-04176DBDEBA0}.Debug|Any CPU.Build.0 = Debug|Any CPU
		{0013602A-AB63-40CF-956E-04176DBDEBA0}.Debug|x64.ActiveCfg = Debug|Any CPU
		{0013602A-AB63-40CF-956E-04176DBDEBA0}.Debug|x64.Build.0 = Debug|Any CPU
		{0013602A-AB63-40CF-956E-04176DBDEBA0}.Debug|x86.ActiveCfg = Debug|Any CPU
		{0013602A-AB63-40CF-956E-04176DBDEBA0}.Debug|x86.Build.0 = Debug|Any CPU
		{0013602A-AB63-40CF-956E-04176DBDEBA0}.Release|Any CPU.ActiveCfg = Release|Any CPU
		{0013602A-AB63-40CF-956E-04176DBDEBA0}.Release|Any CPU.Build.0 = Release|Any CPU
		{0013602A-AB63-40CF-956E-04176DBDEBA0}.Release|x64.ActiveCfg = Release|Any CPU
		{0013602A-AB63-40CF-956E-04176DBDEBA0}.Release|x64.Build.0 = Release|Any CPU
		{0013602A-AB63-40CF-956E-04176DBDEBA0}.Release|x86.ActiveCfg = Release|Any CPU
		{0013602A-AB63-40CF-956E-04176DBDEBA0}.Release|x86.Build.0 = Release|Any CPU
	EndGlobalSection
	GlobalSection(SolutionProperties) = preSolution
		HideSolutionNode = FALSE
	EndGlobalSection
	GlobalSection(NestedProjects) = preSolution
		{4CFA6086-DDB3-48C1-8496-4DC7FF91BEE8} = {007F1756-CF4F-2C95-BBD2-F0835791C942}
		{29AD0F93-EBFF-4AFB-B49B-BA4DDA1B7783} = {821AC1B7-C772-7F43-B26F-672E09018DA3}
		{196CDF3D-3BD4-4A4A-9685-2CC4102781D2} = {0230BECB-A0F4-419F-6A06-31A751C3C892}
		{B7E3A1C2-4D5F-6789-0ABC-DEF123456789} = {0230BECB-A0F4-419F-6A06-31A751C3C892}
		{A5B6C7D8-E9F0-1234-5678-9ABCDEF01234} = {F4A5B6C7-D8E9-0123-F456-789ABCDEF012}
		{B6C7D8E9-F0A1-2345-6789-ABCDEF012345} = {0230BECB-A0F4-419F-6A06-31A751C3C892}
		{D8E9F0A1-B2C3-4567-89AB-CDEF01234567} = {C7D8E9F0-A1B2-3456-789A-BCDEF0123456}
		{E9F0A1B2-C3D4-5678-9ABC-DEF012345678} = {0230BECB-A0F4-419F-6A06-31A751C3C892}
		{A1B2C3D4-E5F6-7890-ABCD-EF1234567007} = {F0A1B2C3-D4E5-6789-ABCD-EF0123456789}
		{0013602A-AB63-40CF-956E-04176DBDEBA0} = {4A99D460-69A2-8810-25FD-5EA7447D240B}
	EndGlobalSection
EndGlobal
