
Microsoft Visual Studio Solution File, Format Version 12.00
# Visual Studio Version 17
VisualStudioVersion = 17.0.31903.59
MinimumVisualStudioVersion = 10.0.40219.1
Project("{2150E333-8FDC-42A3-9474-1A3956D46DE8}") = "01. Hello World", "01. Hello World", "{007F1756-CF4F-2C95-BBD2-F0835791C942}"
EndProject
Project("{FAE04EC0-301F-11D3-BF4B-00C04F79EFBC}") = "HelloWorld", "01. Hello World\HelloWorld.csproj", "{6513FFD6-3E1A-47C8-B76C-B718F75336C9}"
EndProject
Project("{2150E333-8FDC-42A3-9474-1A3956D46DE8}") = "02. Data Types and Variables", "02. Data Types and Variables", "{4709CEB8-9172-0739-1FDF-3DFE76EA1DBC}"
EndProject
Project("{FAE04EC0-301F-11D3-BF4B-00C04F79EFBC}") = "DataTypesAndVariables", "02. Data Types and Variables\DataTypesAndVariables.csproj", "{938C8364-2020-4834-984A-282437A9D5B4}"
EndProject
Project("{2150E333-8FDC-42A3-9474-1A3956D46DE8}") = "03. Input & Output", "03. Input & Output", "{72170B31-7BA5-F4E6-EF8F-1EDB5CD85B49}"
EndProject
Project("{FAE04EC0-301F-11D3-BF4B-00C04F79EFBC}") = "InputAndOutput", "03. Input & Output\InputAndOutput.csproj", "{7369EFF2-5ACF-4FF6-B69A-53ACBEBC5EB5}"
EndProject
Project("{2150E333-8FDC-42A3-9474-1A3956D46DE8}") = "04. Operators and Expressions", "04. Operators and Expressions", "{4A8A5852-D103-6490-D42D-A4EAABE9C510}"
EndProject
Project("{FAE04EC0-301F-11D3-BF4B-00C04F79EFBC}") = "OperatorsAndExpressions", "04. Operators and Expressions\OperatorsAndExpressions.csproj", "{C50416D5-9381-4652-B137-E61B17032BD0}"
EndProject
Project("{2150E333-8FDC-42A3-9474-1A3956D46DE8}") = "05. Type Conversion and Casting", "05. Type Conversion and Casting", "{08F265E8-AC7D-7E5F-C41C-6C3F569B107A}"
EndProject
Project("{FAE04EC0-301F-11D3-BF4B-00C04F79EFBC}") = "TypeConversionAndCasting", "05. Type Conversion and Casting\TypeConversionAndCasting.csproj", "{496C1A16-0F98-4684-87C6-E1C0247F7B09}"
EndProject
Project("{2150E333-8FDC-42A3-9474-1A3956D46DE8}") = "06. Control Flow & Loops", "06. Control Flow & Loops", "{86A158D3-A159-94E5-7696-DEC3BCFF2933}"
EndProject
Project("{FAE04EC0-301F-11D3-BF4B-00C04F79EFBC}") = "ControlFlowAndLoops", "06. Control Flow & Loops\ControlFlowAndLoops.csproj", "{A9E4BB0C-2709-493B-8B8B-85F0E74444EF}"
EndProject
Project("{2150E333-8FDC-42A3-9474-1A3956D46DE8}") = "07. Methods", "07. Methods", "{1490ECC8-F861-1488-0A5D-5AB9ACE348DD}"
EndProject
Project("{FAE04EC0-301F-11D3-BF4B-00C04F79EFBC}") = "Methods", "07. Methods\Methods.csproj", "{05650B29-FB47-499D-A4AF-7B81550A4124}"
EndProject
Project("{2150E333-8FDC-42A3-9474-1A3956D46DE8}") = "08. Strings", "08. Strings", "{4A99D460-69A2-8810-25FD-5EA7447D240B}"
EndProject
Project("{FAE04EC0-301F-11D3-BF4B-00C04F79EFBC}") = "Strings", "08. Strings\Strings.csproj", "{3A0B2C95-D650-45A6-956D-3205E3FE3B48}"
EndProject
Project("{2150E333-8FDC-42A3-9474-1A3956D46DE8}") = "09. Arrays", "09. Arrays", "{EB38C5A5-0BA3-48AA-48F0-7EDED6D99A0D}"
EndProject
Project("{FAE04EC0-301F-11D3-BF4B-00C04F79EFBC}") = "Arrays", "09. Arrays\Arrays.csproj", "{9B5F0097-20D2-4437-A9BB-150796CCB573}"
EndProject
Project("{2150E333-8FDC-42A3-9474-1A3956D46DE8}") = "10. Exception Handling", "10. Exception Handling", "{51EC78F5-D02C-F32B-B5D3-E1CDFE1418C9}"
EndProject
Project("{FAE04EC0-301F-11D3-BF4B-00C04F79EFBC}") = "ExceptionHandling", "10. Exception Handling\ExceptionHandling.csproj", "{4CF7AB23-D62C-4EA4-AD6E-A6BE73A5A414}"
EndProject
Global
	GlobalSection(SolutionConfigurationPlatforms) = preSolution
		Debug|Any CPU = Debug|Any CPU
		Debug|x64 = Debug|x64
		Debug|x86 = Debug|x86
		Release|Any CPU = Release|Any CPU
		Release|x64 = Release|x64
		Release|x86 = Release|x86
	EndGlobalSection
	GlobalSection(ProjectConfigurationPlatforms) = postSolution
		{6513FFD6-3E1A-47C8-B76C-B718F75336C9}.Debug|Any CPU.ActiveCfg = Debug|Any CPU
		{6513FFD6-3E1A-47C8-B76C-B718F75336C9}.Debug|Any CPU.Build.0 = Debug|Any CPU
		{6513FFD6-3E1A-47C8-B76C-B718F75336C9}.Debug|x64.ActiveCfg = Debug|Any CPU
		{6513FFD6-3E1A-47C8-B76C-B718F75336C9}.Debug|x64.Build.0 = Debug|Any CPU
		{6513FFD6-3E1A-47C8-B76C-B718F75336C9}.Debug|x86.ActiveCfg = Debug|Any CPU
		{6513FFD6-3E1A-47C8-B76C-B718F75336C9}.Debug|x86.Build.0 = Debug|Any CPU
		{6513FFD6-3E1A-47C8-B76C-B718F75336C9}.Release|Any CPU.ActiveCfg = Release|Any CPU
		{6513FFD6-3E1A-47C8-B76C-B718F75336C9}.Release|Any CPU.Build.0 = Release|Any CPU
		{6513FFD6-3E1A-47C8-B76C-B718F75336C9}.Release|x64.ActiveCfg = Release|Any CPU
		{6513FFD6-3E1A-47C8-B76C-B718F75336C9}.Release|x64.Build.0 = Release|Any CPU
		{6513FFD6-3E1A-47C8-B76C-B718F75336C9}.Release|x86.ActiveCfg = Release|Any CPU
		{6513FFD6-3E1A-47C8-B76C-B718F75336C9}.Release|x86.Build.0 = Release|Any CPU
		{938C8364-2020-4834-984A-282437A9D5B4}.Debug|Any CPU.ActiveCfg = Debug|Any CPU
		{938C8364-2020-4834-984A-282437A9D5B4}.Debug|Any CPU.Build.0 = Debug|Any CPU
		{938C8364-2020-4834-984A-282437A9D5B4}.Debug|x64.ActiveCfg = Debug|Any CPU
		{938C8364-2020-4834-984A-282437A9D5B4}.Debug|x64.Build.0 = Debug|Any CPU
		{938C8364-2020-4834-984A-282437A9D5B4}.Debug|x86.ActiveCfg = Debug|Any CPU
		{938C8364-2020-4834-984A-282437A9D5B4}.Debug|x86.Build.0 = Debug|Any CPU
		{938C8364-2020-4834-984A-282437A9D5B4}.Release|Any CPU.ActiveCfg = Release|Any CPU
		{938C8364-2020-4834-984A-282437A9D5B4}.Release|Any CPU.Build.0 = Release|Any CPU
		{938C8364-2020-4834-984A-282437A9D5B4}.Release|x64.ActiveCfg = Release|Any CPU
		{938C8364-2020-4834-984A-282437A9D5B4}.Release|x64.Build.0 = Release|Any CPU
		{938C8364-2020-4834-984A-282437A9D5B4}.Release|x86.ActiveCfg = Release|Any CPU
		{938C8364-2020-4834-984A-282437A9D5B4}.Release|x86.Build.0 = Release|Any CPU
		{7369EFF2-5ACF-4FF6-B69A-53ACBEBC5EB5}.Debug|Any CPU.ActiveCfg = Debug|Any CPU
		{7369EFF2-5ACF-4FF6-B69A-53ACBEBC5EB5}.Debug|Any CPU.Build.0 = Debug|Any CPU
		{7369EFF2-5ACF-4FF6-B69A-53ACBEBC5EB5}.Debug|x64.ActiveCfg = Debug|Any CPU
		{7369EFF2-5ACF-4FF6-B69A-53ACBEBC5EB5}.Debug|x64.Build.0 = Debug|Any CPU
		{7369EFF2-5ACF-4FF6-B69A-53ACBEBC5EB5}.Debug|x86.ActiveCfg = Debug|Any CPU
		{7369EFF2-5ACF-4FF6-B69A-53ACBEBC5EB5}.Debug|x86.Build.0 = Debug|Any CPU
		{7369EFF2-5ACF-4FF6-B69A-53ACBEBC5EB5}.Release|Any CPU.ActiveCfg = Release|Any CPU
		{7369EFF2-5ACF-4FF6-B69A-53ACBEBC5EB5}.Release|Any CPU.Build.0 = Release|Any CPU
		{7369EFF2-5ACF-4FF6-B69A-53ACBEBC5EB5}.Release|x64.ActiveCfg = Release|Any CPU
		{7369EFF2-5ACF-4FF6-B69A-53ACBEBC5EB5}.Release|x64.Build.0 = Release|Any CPU
		{7369EFF2-5ACF-4FF6-B69A-53ACBEBC5EB5}.Release|x86.ActiveCfg = Release|Any CPU
		{7369EFF2-5ACF-4FF6-B69A-53ACBEBC5EB5}.Release|x86.Build.0 = Release|Any CPU
		{C50416D5-9381-4652-B137-E61B17032BD0}.Debug|Any CPU.ActiveCfg = Debug|Any CPU
		{C50416D5-9381-4652-B137-E61B17032BD0}.Debug|Any CPU.Build.0 = Debug|Any CPU
		{C50416D5-9381-4652-B137-E61B17032BD0}.Debug|x64.ActiveCfg = Debug|Any CPU
		{C50416D5-9381-4652-B137-E61B17032BD0}.Debug|x64.Build.0 = Debug|Any CPU
		{C50416D5-9381-4652-B137-E61B17032BD0}.Debug|x86.ActiveCfg = Debug|Any CPU
		{C50416D5-9381-4652-B137-E61B17032BD0}.Debug|x86.Build.0 = Debug|Any CPU
		{C50416D5-9381-4652-B137-E61B17032BD0}.Release|Any CPU.ActiveCfg = Release|Any CPU
		{C50416D5-9381-4652-B137-E61B17032BD0}.Release|Any CPU.Build.0 = Release|Any CPU
		{C50416D5-9381-4652-B137-E61B17032BD0}.Release|x64.ActiveCfg = Release|Any CPU
		{C50416D5-9381-4652-B137-E61B17032BD0}.Release|x64.Build.0 = Release|Any CPU
		{C50416D5-9381-4652-B137-E61B17032BD0}.Release|x86.ActiveCfg = Release|Any CPU
		{C50416D5-9381-4652-B137-E61B17032BD0}.Release|x86.Build.0 = Release|Any CPU
		{496C1A16-0F98-4684-87C6-E1C0247F7B09}.Debug|Any CPU.ActiveCfg = Debug|Any CPU
		{496C1A16-0F98-4684-87C6-E1C0247F7B09}.Debug|Any CPU.Build.0 = Debug|Any CPU
		{496C1A16-0F98-4684-87C6-E1C0247F7B09}.Debug|x64.ActiveCfg = Debug|Any CPU
		{496C1A16-0F98-4684-87C6-E1C0247F7B09}.Debug|x64.Build.0 = Debug|Any CPU
		{496C1A16-0F98-4684-87C6-E1C0247F7B09}.Debug|x86.ActiveCfg = Debug|Any CPU
		{496C1A16-0F98-4684-87C6-E1C0247F7B09}.Debug|x86.Build.0 = Debug|Any CPU
		{496C1A16-0F98-4684-87C6-E1C0247F7B09}.Release|Any CPU.ActiveCfg = Release|Any CPU
		{496C1A16-0F98-4684-87C6-E1C0247F7B09}.Release|Any CPU.Build.0 = Release|Any CPU
		{496C1A16-0F98-4684-87C6-E1C0247F7B09}.Release|x64.ActiveCfg = Release|Any CPU
		{496C1A16-0F98-4684-87C6-E1C0247F7B09}.Release|x64.Build.0 = Release|Any CPU
		{496C1A16-0F98-4684-87C6-E1C0247F7B09}.Release|x86.ActiveCfg = Release|Any CPU
		{496C1A16-0F98-4684-87C6-E1C0247F7B09}.Release|x86.Build.0 = Release|Any CPU
		{A9E4BB0C-2709-493B-8B8B-85F0E74444EF}.Debug|Any CPU.ActiveCfg = Debug|Any CPU
		{A9E4BB0C-2709-493B-8B8B-85F0E74444EF}.Debug|Any CPU.Build.0 = Debug|Any CPU
		{A9E4BB0C-2709-493B-8B8B-85F0E74444EF}.Debug|x64.ActiveCfg = Debug|Any CPU
		{A9E4BB0C-2709-493B-8B8B-85F0E74444EF}.Debug|x64.Build.0 = Debug|Any CPU
		{A9E4BB0C-2709-493B-8B8B-85F0E74444EF}.Debug|x86.ActiveCfg = Debug|Any CPU
		{A9E4BB0C-2709-493B-8B8B-85F0E74444EF}.Debug|x86.Build.0 = Debug|Any CPU
		{A9E4BB0C-2709-493B-8B8B-85F0E74444EF}.Release|Any CPU.ActiveCfg = Release|Any CPU
		{A9E4BB0C-2709-493B-8B8B-85F0E74444EF}.Release|Any CPU.Build.0 = Release|Any CPU
		{A9E4BB0C-2709-493B-8B8B-85F0E74444EF}.Release|x64.ActiveCfg = Release|Any CPU
		{A9E4BB0C-2709-493B-8B8B-85F0E74444EF}.Release|x64.Build.0 = Release|Any CPU
		{A9E4BB0C-2709-493B-8B8B-85F0E74444EF}.Release|x86.ActiveCfg = Release|Any CPU
		{A9E4BB0C-2709-493B-8B8B-85F0E74444EF}.Release|x86.Build.0 = Release|Any CPU
		{05650B29-FB47-499D-A4AF-7B81550A4124}.Debug|Any CPU.ActiveCfg = Debug|Any CPU
		{05650B29-FB47-499D-A4AF-7B81550A4124}.Debug|Any CPU.Build.0 = Debug|Any CPU
		{05650B29-FB47-499D-A4AF-7B81550A4124}.Debug|x64.ActiveCfg = Debug|Any CPU
		{05650B29-FB47-499D-A4AF-7B81550A4124}.Debug|x64.Build.0 = Debug|Any CPU
		{05650B29-FB47-499D-A4AF-7B81550A4124}.Debug|x86.ActiveCfg = Debug|Any CPU
		{05650B29-FB47-499D-A4AF-7B81550A4124}.Debug|x86.Build.0 = Debug|Any CPU
		{05650B29-FB47-499D-A4AF-7B81550A4124}.Release|Any CPU.ActiveCfg = Release|Any CPU
		{05650B29-FB47-499D-A4AF-7B81550A4124}.Release|Any CPU.Build.0 = Release|Any CPU
		{05650B29-FB47-499D-A4AF-7B81550A4124}.Release|x64.ActiveCfg = Release|Any CPU
		{05650B29-FB47-499D-A4AF-7B81550A4124}.Release|x64.Build.0 = Release|Any CPU
		{05650B29-FB47-499D-A4AF-7B81550A4124}.Release|x86.ActiveCfg = Release|Any CPU
		{05650B29-FB47-499D-A4AF-7B81550A4124}.Release|x86.Build.0 = Release|Any CPU
		{3A0B2C95-D650-45A6-956D-3205E3FE3B48}.Debug|Any CPU.ActiveCfg = Debug|Any CPU
		{3A0B2C95-D650-45A6-956D-3205E3FE3B48}.Debug|Any CPU.Build.0 = Debug|Any CPU
		{3A0B2C95-D650-45A6-956D-3205E3FE3B48}.Debug|x64.ActiveCfg = Debug|Any CPU
		{3A0B2C95-D650-45A6-956D-3205E3FE3B48}.Debug|x64.Build.0 = Debug|Any CPU
		{3A0B2C95-D650-45A6-956D-3205E3FE3B48}.Debug|x86.ActiveCfg = Debug|Any CPU
		{3A0B2C95-D650-45A6-956D-3205E3FE3B48}.Debug|x86.Build.0 = Debug|Any CPU
		{3A0B2C95-D650-45A6-956D-3205E3FE3B48}.Release|Any CPU.ActiveCfg = Release|Any CPU
		{3A0B2C95-D650-45A6-956D-3205E3FE3B48}.Release|Any CPU.Build.0 = Release|Any CPU
		{3A0B2C95-D650-45A6-956D-3205E3FE3B48}.Release|x64.ActiveCfg = Release|Any CPU
		{3A0B2C95-D650-45A6-956D-3205E3FE3B48}.Release|x64.Build.0 = Release|Any CPU
		{3A0B2C95-D650-45A6-956D-3205E3FE3B48}.Release|x86.ActiveCfg = Release|Any CPU
		{3A0B2C95-D650-45A6-956D-3205E3FE3B48}.Release|x86.Build.0 = Release|Any CPU
		{9B5F0097-20D2-4437-A9BB-150796CCB573}.Debug|Any CPU.ActiveCfg = Debug|Any CPU
		{9B5F0097-20D2-4437-A9BB-150796CCB573}.Debug|Any CPU.Build.0 = Debug|Any CPU
		{9B5F0097-20D2-4437-A9BB-150796CCB573}.Debug|x64.ActiveCfg = Debug|Any CPU
		{9B5F0097-20D2-4437-A9BB-150796CCB573}.Debug|x64.Build.0 = Debug|Any CPU
		{9B5F0097-20D2-4437-A9BB-150796CCB573}.Debug|x86.ActiveCfg = Debug|Any CPU
		{9B5F0097-20D2-4437-A9BB-150796CCB573}.Debug|x86.Build.0 = Debug|Any CPU
		{9B5F0097-20D2-4437-A9BB-150796CCB573}.Release|Any CPU.ActiveCfg = Release|Any CPU
		{9B5F0097-20D2-4437-A9BB-150796CCB573}.Release|Any CPU.Build.0 = Release|Any CPU
		{9B5F0097-20D2-4437-A9BB-150796CCB573}.Release|x64.ActiveCfg = Release|Any CPU
		{9B5F0097-20D2-4437-A9BB-150796CCB573}.Release|x64.Build.0 = Release|Any CPU
		{9B5F0097-20D2-4437-A9BB-150796CCB573}.Release|x86.ActiveCfg = Release|Any CPU
		{9B5F0097-20D2-4437-A9BB-150796CCB573}.Release|x86.Build.0 = Release|Any CPU
		{4CF7AB23-D62C-4EA4-AD6E-A6BE73A5A414}.Debug|Any CPU.ActiveCfg = Debug|Any CPU
		{4CF7AB23-D62C-4EA4-AD6E-A6BE73A5A414}.Debug|Any CPU.Build.0 = Debug|Any CPU
		{4CF7AB23-D62C-4EA4-AD6E-A6BE73A5A414}.Debug|x64.ActiveCfg = Debug|Any CPU
		{4CF7AB23-D62C-4EA4-AD6E-A6BE73A5A414}.Debug|x64.Build.0 = Debug|Any CPU
		{4CF7AB23-D62C-4EA4-AD6E-A6BE73A5A414}.Debug|x86.ActiveCfg = Debug|Any CPU
		{4CF7AB23-D62C-4EA4-AD6E-A6BE73A5A414}.Debug|x86.Build.0 = Debug|Any CPU
		{4CF7AB23-D62C-4EA4-AD6E-A6BE73A5A414}.Release|Any CPU.ActiveCfg = Release|Any CPU
		{4CF7AB23-D62C-4EA4-AD6E-A6BE73A5A414}.Release|Any CPU.Build.0 = Release|Any CPU
		{4CF7AB23-D62C-4EA4-AD6E-A6BE73A5A414}.Release|x64.ActiveCfg = Release|Any CPU
		{4CF7AB23-D62C-4EA4-AD6E-A6BE73A5A414}.Release|x64.Build.0 = Release|Any CPU
		{4CF7AB23-D62C-4EA4-AD6E-A6BE73A5A414}.Release|x86.ActiveCfg = Release|Any CPU
		{4CF7AB23-D62C-4EA4-AD6E-A6BE73A5A414}.Release|x86.Build.0 = Release|Any CPU
	EndGlobalSection
	GlobalSection(SolutionProperties) = preSolution
		HideSolutionNode = FALSE
	EndGlobalSection
	GlobalSection(NestedProjects) = preSolution
		{6513FFD6-3E1A-47C8-B76C-B718F75336C9} = {007F1756-CF4F-2C95-BBD2-F0835791C942}
		{938C8364-2020-4834-984A-282437A9D5B4} = {4709CEB8-9172-0739-1FDF-3DFE76EA1DBC}
		{7369EFF2-5ACF-4FF6-B69A-53ACBEBC5EB5} = {72170B31-7BA5-F4E6-EF8F-1EDB5CD85B49}
		{C50416D5-9381-4652-B137-E61B17032BD0} = {4A8A5852-D103-6490-D42D-A4EAABE9C510}
		{496C1A16-0F98-4684-87C6-E1C0247F7B09} = {08F265E8-AC7D-7E5F-C41C-6C3F569B107A}
		{A9E4BB0C-2709-493B-8B8B-85F0E74444EF} = {86A158D3-A159-94E5-7696-DEC3BCFF2933}
		{05650B29-FB47-499D-A4AF-7B81550A4124} = {1490ECC8-F861-1488-0A5D-5AB9ACE348DD}
		{3A0B2C95-D650-45A6-956D-3205E3FE3B48} = {4A99D460-69A2-8810-25FD-5EA7447D240B}
		{9B5F0097-20D2-4437-A9BB-150796CCB573} = {EB38C5A5-0BA3-48AA-48F0-7EDED6D99A0D}
		{4CF7AB23-D62C-4EA4-AD6E-A6BE73A5A414} = {51EC78F5-D02C-F32B-B5D3-E1CDFE1418C9}
	EndGlobalSection
EndGlobal
