
Microsoft Visual Studio Solution File, Format Version 12.00
# Visual Studio Version 17
VisualStudioVersion = 17.6.33723.286
MinimumVisualStudioVersion = 10.0.40219.1
Project("{FAE04EC0-301F-11D3-BF4B-00C04F79EFBC}") = "LoginRegisterWebApiApplication", "LoginRegisterWebApiApplication.csproj", "{D380467F-D811-4DB1-931D-1B23AAA31167}"
EndProject
Global
	GlobalSection(SolutionConfigurationPlatforms) = preSolution
		Debug|Any CPU = Debug|Any CPU
		Release|Any CPU = Release|Any CPU
	EndGlobalSection
	GlobalSection(ProjectConfigurationPlatforms) = postSolution
		{D380467F-D811-4DB1-931D-1B23AAA31167}.Debug|Any CPU.ActiveCfg = Debug|Any CPU
		{D380467F-D811-4DB1-931D-1B23AAA31167}.Debug|Any CPU.Build.0 = Debug|Any CPU
		{D380467F-D811-4DB1-931D-1B23AAA31167}.Release|Any CPU.ActiveCfg = Release|Any CPU
		{D380467F-D811-4DB1-931D-1B23AAA31167}.Release|Any CPU.Build.0 = Release|Any CPU
	EndGlobalSection
	GlobalSection(SolutionProperties) = preSolution
		HideSolutionNode = FALSE
	EndGlobalSection
	GlobalSection(ExtensibilityGlobals) = postSolution
		SolutionGuid = {56053CA7-9848-41D3-9ECE-BEA7DBC242F8}
	EndGlobalSection
EndGlobal
