
Microsoft Visual Studio Solution File, Format Version 12.00
# Visual Studio Version 17
VisualStudioVersion = 17.0.31903.59
MinimumVisualStudioVersion = 10.0.40219.1
Project("{2150E333-8FDC-42A3-9474-1A3956D46DE8}") = "02. Filtering and Aggregation", "02. Filtering and Aggregation", "{18BD4728-6F14-1E86-B2B9-77860E27E894}"
EndProject
Project("{FAE04EC0-301F-11D3-BF4B-00C04F79EFBC}") = "FilteringAndAggregation", "02. Filtering and Aggregation\FilteringAndAggregation.csproj", "{B7C5A96D-F2F7-4149-8942-D9F06E8F9741}"
EndProject
Project("{2150E333-8FDC-42A3-9474-1A3956D46DE8}") = "03. Ordering", "03. Ordering", "{99E63907-D010-0CE2-1D3C-5D45E44CB7EA}"
EndProject
Project("{FAE04EC0-301F-11D3-BF4B-00C04F79EFBC}") = "Ordering", "03. Ordering\Ordering.csproj", "{B1D351DF-D702-4D71-B5AC-4A7577C4F0EB}"
EndProject
Project("{2150E333-8FDC-42A3-9474-1A3956D46DE8}") = "04. Grouping", "04. Grouping", "{47CA7959-69D8-78BD-D77E-8235E4BF429C}"
EndProject
Project("{FAE04EC0-301F-11D3-BF4B-00C04F79EFBC}") = "Grouping", "04. Grouping\Grouping.csproj", "{77EF987F-84D4-4F4C-A02F-6C8E194241BE}"
EndProject
Project("{2150E333-8FDC-42A3-9474-1A3956D46DE8}") = "05. Joins", "05. Joins", "{303F80D5-3435-1FBE-7FAB-03E04949470A}"
EndProject
Project("{FAE04EC0-301F-11D3-BF4B-00C04F79EFBC}") = "Joins", "05. Joins\Joins.csproj", "{A2D0CD3C-3EC3-4C40-A90F-A325E4117AD5}"
EndProject
Project("{2150E333-8FDC-42A3-9474-1A3956D46DE8}") = "06. Element Operations", "06. Element Operations", "{7DF25E0F-8594-72F1-1217-6CAF798904AA}"
EndProject
Project("{FAE04EC0-301F-11D3-BF4B-00C04F79EFBC}") = "ElementOperations", "06. Element Operations\ElementOperations.csproj", "{850778FE-FCB3-4A77-94BE-DD09C0DE8E19}"
EndProject
Project("{2150E333-8FDC-42A3-9474-1A3956D46DE8}") = "07. Set Operations", "07. Set Operations", "{709C5F76-474A-2338-85EE-58958D12502C}"
EndProject
Project("{FAE04EC0-301F-11D3-BF4B-00C04F79EFBC}") = "SetOperations", "07. Set Operations\SetOperations.csproj", "{D9BE6A2D-0FEF-49CE-A741-362DA73BB222}"
EndProject
Project("{2150E333-8FDC-42A3-9474-1A3956D46DE8}") = "01. Introduction to LINQ", "01. Introduction to LINQ", "{306C3718-7F43-2384-F1E6-3BD6401D1419}"
EndProject
Project("{FAE04EC0-301F-11D3-BF4B-00C04F79EFBC}") = "IntroductionToLinq", "01. Introduction to LINQ\IntroductionToLinq.csproj", "{8313FB58-3158-4AAE-9CE4-E0B7B563BB6D}"
EndProject
Project("{2150E333-8FDC-42A3-9474-1A3956D46DE8}") = "12. Generation Operations", "12. Generation Operations", "{3B770DFA-C3F5-CA94-44BB-5193945AA6DE}"
EndProject
Project("{FAE04EC0-301F-11D3-BF4B-00C04F79EFBC}") = "GenerationOperations", "12. Generation Operations\GenerationOperations.csproj", "{4F55B3D2-3E9F-44ED-8CF4-117796DA2570}"
EndProject
Project("{2150E333-8FDC-42A3-9474-1A3956D46DE8}") = "08. Projection Operations", "08. Projection Operations", "{F88AFA42-6104-5924-07A5-FF9F9F8CC2D2}"
EndProject
Project("{FAE04EC0-301F-11D3-BF4B-00C04F79EFBC}") = "ProjectionOperations", "08. Projection Operations\ProjectionOperations.csproj", "{03DEBD62-8D3D-4DAA-A082-58C41FE1F394}"
EndProject
Project("{2150E333-8FDC-42A3-9474-1A3956D46DE8}") = "09. Quantifier Operations", "09. Quantifier Operations", "{2E20533B-70BE-5A18-95A9-D6F391183EE0}"
EndProject
Project("{FAE04EC0-301F-11D3-BF4B-00C04F79EFBC}") = "QuantifierOperations", "09. Quantifier Operations\QuantifierOperations.csproj", "{D39FF9F0-E030-4042-BA80-1FD411A87E5E}"
EndProject
Project("{2150E333-8FDC-42A3-9474-1A3956D46DE8}") = "13. LINQ to XML", "13. LINQ to XML", "{B862B025-892B-9671-D18B-52DB68641819}"
EndProject
Project("{FAE04EC0-301F-11D3-BF4B-00C04F79EFBC}") = "LinqToXml", "13. LINQ to XML\LinqToXml.csproj", "{F0DB4222-B6E1-4624-8921-D1087C083D8B}"
EndProject
Global
	GlobalSection(SolutionConfigurationPlatforms) = preSolution
		Debug|Any CPU = Debug|Any CPU
		Debug|x64 = Debug|x64
		Debug|x86 = Debug|x86
		Release|Any CPU = Release|Any CPU
		Release|x64 = Release|x64
		Release|x86 = Release|x86
	EndGlobalSection
	GlobalSection(ProjectConfigurationPlatforms) = postSolution
		{B7C5A96D-F2F7-4149-8942-D9F06E8F9741}.Debug|Any CPU.ActiveCfg = Debug|Any CPU
		{B7C5A96D-F2F7-4149-8942-D9F06E8F9741}.Debug|Any CPU.Build.0 = Debug|Any CPU
		{B7C5A96D-F2F7-4149-8942-D9F06E8F9741}.Debug|x64.ActiveCfg = Debug|Any CPU
		{B7C5A96D-F2F7-4149-8942-D9F06E8F9741}.Debug|x64.Build.0 = Debug|Any CPU
		{B7C5A96D-F2F7-4149-8942-D9F06E8F9741}.Debug|x86.ActiveCfg = Debug|Any CPU
		{B7C5A96D-F2F7-4149-8942-D9F06E8F9741}.Debug|x86.Build.0 = Debug|Any CPU
		{B7C5A96D-F2F7-4149-8942-D9F06E8F9741}.Release|Any CPU.ActiveCfg = Release|Any CPU
		{B7C5A96D-F2F7-4149-8942-D9F06E8F9741}.Release|Any CPU.Build.0 = Release|Any CPU
		{B7C5A96D-F2F7-4149-8942-D9F06E8F9741}.Release|x64.ActiveCfg = Release|Any CPU
		{B7C5A96D-F2F7-4149-8942-D9F06E8F9741}.Release|x64.Build.0 = Release|Any CPU
		{B7C5A96D-F2F7-4149-8942-D9F06E8F9741}.Release|x86.ActiveCfg = Release|Any CPU
		{B7C5A96D-F2F7-4149-8942-D9F06E8F9741}.Release|x86.Build.0 = Release|Any CPU
		{B1D351DF-D702-4D71-B5AC-4A7577C4F0EB}.Debug|Any CPU.ActiveCfg = Debug|Any CPU
		{B1D351DF-D702-4D71-B5AC-4A7577C4F0EB}.Debug|Any CPU.Build.0 = Debug|Any CPU
		{B1D351DF-D702-4D71-B5AC-4A7577C4F0EB}.Debug|x64.ActiveCfg = Debug|Any CPU
		{B1D351DF-D702-4D71-B5AC-4A7577C4F0EB}.Debug|x64.Build.0 = Debug|Any CPU
		{B1D351DF-D702-4D71-B5AC-4A7577C4F0EB}.Debug|x86.ActiveCfg = Debug|Any CPU
		{B1D351DF-D702-4D71-B5AC-4A7577C4F0EB}.Debug|x86.Build.0 = Debug|Any CPU
		{B1D351DF-D702-4D71-B5AC-4A7577C4F0EB}.Release|Any CPU.ActiveCfg = Release|Any CPU
		{B1D351DF-D702-4D71-B5AC-4A7577C4F0EB}.Release|Any CPU.Build.0 = Release|Any CPU
		{B1D351DF-D702-4D71-B5AC-4A7577C4F0EB}.Release|x64.ActiveCfg = Release|Any CPU
		{B1D351DF-D702-4D71-B5AC-4A7577C4F0EB}.Release|x64.Build.0 = Release|Any CPU
		{B1D351DF-D702-4D71-B5AC-4A7577C4F0EB}.Release|x86.ActiveCfg = Release|Any CPU
		{B1D351DF-D702-4D71-B5AC-4A7577C4F0EB}.Release|x86.Build.0 = Release|Any CPU
		{77EF987F-84D4-4F4C-A02F-6C8E194241BE}.Debug|Any CPU.ActiveCfg = Debug|Any CPU
		{77EF987F-84D4-4F4C-A02F-6C8E194241BE}.Debug|Any CPU.Build.0 = Debug|Any CPU
		{77EF987F-84D4-4F4C-A02F-6C8E194241BE}.Debug|x64.ActiveCfg = Debug|Any CPU
		{77EF987F-84D4-4F4C-A02F-6C8E194241BE}.Debug|x64.Build.0 = Debug|Any CPU
		{77EF987F-84D4-4F4C-A02F-6C8E194241BE}.Debug|x86.ActiveCfg = Debug|Any CPU
		{77EF987F-84D4-4F4C-A02F-6C8E194241BE}.Debug|x86.Build.0 = Debug|Any CPU
		{77EF987F-84D4-4F4C-A02F-6C8E194241BE}.Release|Any CPU.ActiveCfg = Release|Any CPU
		{77EF987F-84D4-4F4C-A02F-6C8E194241BE}.Release|Any CPU.Build.0 = Release|Any CPU
		{77EF987F-84D4-4F4C-A02F-6C8E194241BE}.Release|x64.ActiveCfg = Release|Any CPU
		{77EF987F-84D4-4F4C-A02F-6C8E194241BE}.Release|x64.Build.0 = Release|Any CPU
		{77EF987F-84D4-4F4C-A02F-6C8E194241BE}.Release|x86.ActiveCfg = Release|Any CPU
		{77EF987F-84D4-4F4C-A02F-6C8E194241BE}.Release|x86.Build.0 = Release|Any CPU
		{A2D0CD3C-3EC3-4C40-A90F-A325E4117AD5}.Debug|Any CPU.ActiveCfg = Debug|Any CPU
		{A2D0CD3C-3EC3-4C40-A90F-A325E4117AD5}.Debug|Any CPU.Build.0 = Debug|Any CPU
		{A2D0CD3C-3EC3-4C40-A90F-A325E4117AD5}.Debug|x64.ActiveCfg = Debug|Any CPU
		{A2D0CD3C-3EC3-4C40-A90F-A325E4117AD5}.Debug|x64.Build.0 = Debug|Any CPU
		{A2D0CD3C-3EC3-4C40-A90F-A325E4117AD5}.Debug|x86.ActiveCfg = Debug|Any CPU
		{A2D0CD3C-3EC3-4C40-A90F-A325E4117AD5}.Debug|x86.Build.0 = Debug|Any CPU
		{A2D0CD3C-3EC3-4C40-A90F-A325E4117AD5}.Release|Any CPU.ActiveCfg = Release|Any CPU
		{A2D0CD3C-3EC3-4C40-A90F-A325E4117AD5}.Release|Any CPU.Build.0 = Release|Any CPU
		{A2D0CD3C-3EC3-4C40-A90F-A325E4117AD5}.Release|x64.ActiveCfg = Release|Any CPU
		{A2D0CD3C-3EC3-4C40-A90F-A325E4117AD5}.Release|x64.Build.0 = Release|Any CPU
		{A2D0CD3C-3EC3-4C40-A90F-A325E4117AD5}.Release|x86.ActiveCfg = Release|Any CPU
		{A2D0CD3C-3EC3-4C40-A90F-A325E4117AD5}.Release|x86.Build.0 = Release|Any CPU
		{850778FE-FCB3-4A77-94BE-DD09C0DE8E19}.Debug|Any CPU.ActiveCfg = Debug|Any CPU
		{850778FE-FCB3-4A77-94BE-DD09C0DE8E19}.Debug|Any CPU.Build.0 = Debug|Any CPU
		{850778FE-FCB3-4A77-94BE-DD09C0DE8E19}.Debug|x64.ActiveCfg = Debug|Any CPU
		{850778FE-FCB3-4A77-94BE-DD09C0DE8E19}.Debug|x64.Build.0 = Debug|Any CPU
		{850778FE-FCB3-4A77-94BE-DD09C0DE8E19}.Debug|x86.ActiveCfg = Debug|Any CPU
		{850778FE-FCB3-4A77-94BE-DD09C0DE8E19}.Debug|x86.Build.0 = Debug|Any CPU
		{850778FE-FCB3-4A77-94BE-DD09C0DE8E19}.Release|Any CPU.ActiveCfg = Release|Any CPU
		{850778FE-FCB3-4A77-94BE-DD09C0DE8E19}.Release|Any CPU.Build.0 = Release|Any CPU
		{850778FE-FCB3-4A77-94BE-DD09C0DE8E19}.Release|x64.ActiveCfg = Release|Any CPU
		{850778FE-FCB3-4A77-94BE-DD09C0DE8E19}.Release|x64.Build.0 = Release|Any CPU
		{850778FE-FCB3-4A77-94BE-DD09C0DE8E19}.Release|x86.ActiveCfg = Release|Any CPU
		{850778FE-FCB3-4A77-94BE-DD09C0DE8E19}.Release|x86.Build.0 = Release|Any CPU
		{D9BE6A2D-0FEF-49CE-A741-362DA73BB222}.Debug|Any CPU.ActiveCfg = Debug|Any CPU
		{D9BE6A2D-0FEF-49CE-A741-362DA73BB222}.Debug|Any CPU.Build.0 = Debug|Any CPU
		{D9BE6A2D-0FEF-49CE-A741-362DA73BB222}.Debug|x64.ActiveCfg = Debug|Any CPU
		{D9BE6A2D-0FEF-49CE-A741-362DA73BB222}.Debug|x64.Build.0 = Debug|Any CPU
		{D9BE6A2D-0FEF-49CE-A741-362DA73BB222}.Debug|x86.ActiveCfg = Debug|Any CPU
		{D9BE6A2D-0FEF-49CE-A741-362DA73BB222}.Debug|x86.Build.0 = Debug|Any CPU
		{D9BE6A2D-0FEF-49CE-A741-362DA73BB222}.Release|Any CPU.ActiveCfg = Release|Any CPU
		{D9BE6A2D-0FEF-49CE-A741-362DA73BB222}.Release|Any CPU.Build.0 = Release|Any CPU
		{D9BE6A2D-0FEF-49CE-A741-362DA73BB222}.Release|x64.ActiveCfg = Release|Any CPU
		{D9BE6A2D-0FEF-49CE-A741-362DA73BB222}.Release|x64.Build.0 = Release|Any CPU
		{D9BE6A2D-0FEF-49CE-A741-362DA73BB222}.Release|x86.ActiveCfg = Release|Any CPU
		{D9BE6A2D-0FEF-49CE-A741-362DA73BB222}.Release|x86.Build.0 = Release|Any CPU
		{8313FB58-3158-4AAE-9CE4-E0B7B563BB6D}.Debug|Any CPU.ActiveCfg = Debug|Any CPU
		{8313FB58-3158-4AAE-9CE4-E0B7B563BB6D}.Debug|Any CPU.Build.0 = Debug|Any CPU
		{8313FB58-3158-4AAE-9CE4-E0B7B563BB6D}.Debug|x64.ActiveCfg = Debug|Any CPU
		{8313FB58-3158-4AAE-9CE4-E0B7B563BB6D}.Debug|x64.Build.0 = Debug|Any CPU
		{8313FB58-3158-4AAE-9CE4-E0B7B563BB6D}.Debug|x86.ActiveCfg = Debug|Any CPU
		{8313FB58-3158-4AAE-9CE4-E0B7B563BB6D}.Debug|x86.Build.0 = Debug|Any CPU
		{8313FB58-3158-4AAE-9CE4-E0B7B563BB6D}.Release|Any CPU.ActiveCfg = Release|Any CPU
		{8313FB58-3158-4AAE-9CE4-E0B7B563BB6D}.Release|Any CPU.Build.0 = Release|Any CPU
		{8313FB58-3158-4AAE-9CE4-E0B7B563BB6D}.Release|x64.ActiveCfg = Release|Any CPU
		{8313FB58-3158-4AAE-9CE4-E0B7B563BB6D}.Release|x64.Build.0 = Release|Any CPU
		{8313FB58-3158-4AAE-9CE4-E0B7B563BB6D}.Release|x86.ActiveCfg = Release|Any CPU
		{8313FB58-3158-4AAE-9CE4-E0B7B563BB6D}.Release|x86.Build.0 = Release|Any CPU
		{4F55B3D2-3E9F-44ED-8CF4-117796DA2570}.Debug|Any CPU.ActiveCfg = Debug|Any CPU
		{4F55B3D2-3E9F-44ED-8CF4-117796DA2570}.Debug|Any CPU.Build.0 = Debug|Any CPU
		{4F55B3D2-3E9F-44ED-8CF4-117796DA2570}.Debug|x64.ActiveCfg = Debug|Any CPU
		{4F55B3D2-3E9F-44ED-8CF4-117796DA2570}.Debug|x64.Build.0 = Debug|Any CPU
		{4F55B3D2-3E9F-44ED-8CF4-117796DA2570}.Debug|x86.ActiveCfg = Debug|Any CPU
		{4F55B3D2-3E9F-44ED-8CF4-117796DA2570}.Debug|x86.Build.0 = Debug|Any CPU
		{4F55B3D2-3E9F-44ED-8CF4-117796DA2570}.Release|Any CPU.ActiveCfg = Release|Any CPU
		{4F55B3D2-3E9F-44ED-8CF4-117796DA2570}.Release|Any CPU.Build.0 = Release|Any CPU
		{4F55B3D2-3E9F-44ED-8CF4-117796DA2570}.Release|x64.ActiveCfg = Release|Any CPU
		{4F55B3D2-3E9F-44ED-8CF4-117796DA2570}.Release|x64.Build.0 = Release|Any CPU
		{4F55B3D2-3E9F-44ED-8CF4-117796DA2570}.Release|x86.ActiveCfg = Release|Any CPU
		{4F55B3D2-3E9F-44ED-8CF4-117796DA2570}.Release|x86.Build.0 = Release|Any CPU
		{03DEBD62-8D3D-4DAA-A082-58C41FE1F394}.Debug|Any CPU.ActiveCfg = Debug|Any CPU
		{03DEBD62-8D3D-4DAA-A082-58C41FE1F394}.Debug|Any CPU.Build.0 = Debug|Any CPU
		{03DEBD62-8D3D-4DAA-A082-58C41FE1F394}.Debug|x64.ActiveCfg = Debug|Any CPU
		{03DEBD62-8D3D-4DAA-A082-58C41FE1F394}.Debug|x64.Build.0 = Debug|Any CPU
		{03DEBD62-8D3D-4DAA-A082-58C41FE1F394}.Debug|x86.ActiveCfg = Debug|Any CPU
		{03DEBD62-8D3D-4DAA-A082-58C41FE1F394}.Debug|x86.Build.0 = Debug|Any CPU
		{03DEBD62-8D3D-4DAA-A082-58C41FE1F394}.Release|Any CPU.ActiveCfg = Release|Any CPU
		{03DEBD62-8D3D-4DAA-A082-58C41FE1F394}.Release|Any CPU.Build.0 = Release|Any CPU
		{03DEBD62-8D3D-4DAA-A082-58C41FE1F394}.Release|x64.ActiveCfg = Release|Any CPU
		{03DEBD62-8D3D-4DAA-A082-58C41FE1F394}.Release|x64.Build.0 = Release|Any CPU
		{03DEBD62-8D3D-4DAA-A082-58C41FE1F394}.Release|x86.ActiveCfg = Release|Any CPU
		{03DEBD62-8D3D-4DAA-A082-58C41FE1F394}.Release|x86.Build.0 = Release|Any CPU
		{D39FF9F0-E030-4042-BA80-1FD411A87E5E}.Debug|Any CPU.ActiveCfg = Debug|Any CPU
		{D39FF9F0-E030-4042-BA80-1FD411A87E5E}.Debug|Any CPU.Build.0 = Debug|Any CPU
		{D39FF9F0-E030-4042-BA80-1FD411A87E5E}.Debug|x64.ActiveCfg = Debug|Any CPU
		{D39FF9F0-E030-4042-BA80-1FD411A87E5E}.Debug|x64.Build.0 = Debug|Any CPU
		{D39FF9F0-E030-4042-BA80-1FD411A87E5E}.Debug|x86.ActiveCfg = Debug|Any CPU
		{D39FF9F0-E030-4042-BA80-1FD411A87E5E}.Debug|x86.Build.0 = Debug|Any CPU
		{D39FF9F0-E030-4042-BA80-1FD411A87E5E}.Release|Any CPU.ActiveCfg = Release|Any CPU
		{D39FF9F0-E030-4042-BA80-1FD411A87E5E}.Release|Any CPU.Build.0 = Release|Any CPU
		{D39FF9F0-E030-4042-BA80-1FD411A87E5E}.Release|x64.ActiveCfg = Release|Any CPU
		{D39FF9F0-E030-4042-BA80-1FD411A87E5E}.Release|x64.Build.0 = Release|Any CPU
		{D39FF9F0-E030-4042-BA80-1FD411A87E5E}.Release|x86.ActiveCfg = Release|Any CPU
		{D39FF9F0-E030-4042-BA80-1FD411A87E5E}.Release|x86.Build.0 = Release|Any CPU
		{F0DB4222-B6E1-4624-8921-D1087C083D8B}.Debug|Any CPU.ActiveCfg = Debug|Any CPU
		{F0DB4222-B6E1-4624-8921-D1087C083D8B}.Debug|Any CPU.Build.0 = Debug|Any CPU
		{F0DB4222-B6E1-4624-8921-D1087C083D8B}.Debug|x64.ActiveCfg = Debug|Any CPU
		{F0DB4222-B6E1-4624-8921-D1087C083D8B}.Debug|x64.Build.0 = Debug|Any CPU
		{F0DB4222-B6E1-4624-8921-D1087C083D8B}.Debug|x86.ActiveCfg = Debug|Any CPU
		{F0DB4222-B6E1-4624-8921-D1087C083D8B}.Debug|x86.Build.0 = Debug|Any CPU
		{F0DB4222-B6E1-4624-8921-D1087C083D8B}.Release|Any CPU.ActiveCfg = Release|Any CPU
		{F0DB4222-B6E1-4624-8921-D1087C083D8B}.Release|Any CPU.Build.0 = Release|Any CPU
		{F0DB4222-B6E1-4624-8921-D1087C083D8B}.Release|x64.ActiveCfg = Release|Any CPU
		{F0DB4222-B6E1-4624-8921-D1087C083D8B}.Release|x64.Build.0 = Release|Any CPU
		{F0DB4222-B6E1-4624-8921-D1087C083D8B}.Release|x86.ActiveCfg = Release|Any CPU
		{F0DB4222-B6E1-4624-8921-D1087C083D8B}.Release|x86.Build.0 = Release|Any CPU
	EndGlobalSection
	GlobalSection(SolutionProperties) = preSolution
		HideSolutionNode = FALSE
	EndGlobalSection
	GlobalSection(NestedProjects) = preSolution
		{B7C5A96D-F2F7-4149-8942-D9F06E8F9741} = {18BD4728-6F14-1E86-B2B9-77860E27E894}
		{B1D351DF-D702-4D71-B5AC-4A7577C4F0EB} = {99E63907-D010-0CE2-1D3C-5D45E44CB7EA}
		{77EF987F-84D4-4F4C-A02F-6C8E194241BE} = {47CA7959-69D8-78BD-D77E-8235E4BF429C}
		{A2D0CD3C-3EC3-4C40-A90F-A325E4117AD5} = {303F80D5-3435-1FBE-7FAB-03E04949470A}
		{850778FE-FCB3-4A77-94BE-DD09C0DE8E19} = {7DF25E0F-8594-72F1-1217-6CAF798904AA}
		{D9BE6A2D-0FEF-49CE-A741-362DA73BB222} = {709C5F76-474A-2338-85EE-58958D12502C}
		{8313FB58-3158-4AAE-9CE4-E0B7B563BB6D} = {306C3718-7F43-2384-F1E6-3BD6401D1419}
		{4F55B3D2-3E9F-44ED-8CF4-117796DA2570} = {3B770DFA-C3F5-CA94-44BB-5193945AA6DE}
		{03DEBD62-8D3D-4DAA-A082-58C41FE1F394} = {F88AFA42-6104-5924-07A5-FF9F9F8CC2D2}
		{D39FF9F0-E030-4042-BA80-1FD411A87E5E} = {2E20533B-70BE-5A18-95A9-D6F391183EE0}
		{F0DB4222-B6E1-4624-8921-D1087C083D8B} = {B862B025-892B-9671-D18B-52DB68641819}
	EndGlobalSection
EndGlobal
