
Microsoft Visual Studio Solution File, Format Version 12.00
# Visual Studio Version 17
VisualStudioVersion = 17.0.31903.59
MinimumVisualStudioVersion = 10.0.40219.1
Project("{2150E333-8FDC-42A3-9474-1A3956D46DE8}") = "Problems", "Problems", "{BEC6521A-F901-2BBF-F273-35A4FDC6E8A1}"
EndProject
Project("{FAE04EC0-301F-11D3-BF4B-00C04F79EFBC}") = "GenericRepository", "Problems\GenericRepository\GenericRepository.csproj", "{FD6636A2-7486-48E2-98B2-759B0E9FA303}"
EndProject
Project("{FAE04EC0-301F-11D3-BF4B-00C04F79EFBC}") = "LegacyInventoryMigrator", "Problems\LegacyInventoryMigrator\LegacyInventoryMigrator.csproj", "{67B283C3-8F30-4CE7-888D-1B7771C7124F}"
EndProject
Project("{FAE04EC0-301F-11D3-BF4B-00C04F79EFBC}") = "ShipmentPlanner", "Problems\ShipmentPlanner\ShipmentPlanner.csproj", "{5465582E-39AF-498A-8951-A1EAEAD4D34F}"
EndProject
Project("{FAE04EC0-301F-11D3-BF4B-00C04F79EFBC}") = "SkuCatalogRegistry", "Problems\SkuCatalogRegistry\SkuCatalogRegistry.csproj", "{F01C8AE6-D4AF-46C4-B212-9C2A513DC94E}"
EndProject
Project("{FAE04EC0-301F-11D3-BF4B-00C04F79EFBC}") = "ArticleTagManager", "Problems\ArticleTagManager\ArticleTagManager.csproj", "{109C3234-70A0-4CE5-84B4-065A89CF9D88}"
EndProject
Project("{FAE04EC0-301F-11D3-BF4B-00C04F79EFBC}") = "WarehousePickQueue", "Problems\WarehousePickQueue\WarehousePickQueue.csproj", "{F912D9A3-8078-47B7-BA95-2572DB24A12A}"
EndProject
Project("{FAE04EC0-301F-11D3-BF4B-00C04F79EFBC}") = "ReorderReport", "Problems\ReorderReport\ReorderReport.csproj", "{95A58B54-44D1-4A6E-962D-769470ADA2C2}"
EndProject
Project("{FAE04EC0-301F-11D3-BF4B-00C04F79EFBC}") = "PickTicketEnumerator", "Problems\PickTicketEnumerator\PickTicketEnumerator.csproj", "{3D330309-3B08-42F1-8828-CA193F3B2058}"
EndProject
Global
	GlobalSection(SolutionConfigurationPlatforms) = preSolution
		Debug|Any CPU = Debug|Any CPU
		Debug|x64 = Debug|x64
		Debug|x86 = Debug|x86
		Release|Any CPU = Release|Any CPU
		Release|x64 = Release|x64
		Release|x86 = Release|x86
	EndGlobalSection
	GlobalSection(ProjectConfigurationPlatforms) = postSolution
		{FD6636A2-7486-48E2-98B2-759B0E9FA303}.Debug|Any CPU.ActiveCfg = Debug|Any CPU
		{FD6636A2-7486-48E2-98B2-759B0E9FA303}.Debug|Any CPU.Build.0 = Debug|Any CPU
		{FD6636A2-7486-48E2-98B2-759B0E9FA303}.Debug|x64.ActiveCfg = Debug|Any CPU
		{FD6636A2-7486-48E2-98B2-759B0E9FA303}.Debug|x64.Build.0 = Debug|Any CPU
		{FD6636A2-7486-48E2-98B2-759B0E9FA303}.Debug|x86.ActiveCfg = Debug|Any CPU
		{FD6636A2-7486-48E2-98B2-759B0E9FA303}.Debug|x86.Build.0 = Debug|Any CPU
		{FD6636A2-7486-48E2-98B2-759B0E9FA303}.Release|Any CPU.ActiveCfg = Release|Any CPU
		{FD6636A2-7486-48E2-98B2-759B0E9FA303}.Release|Any CPU.Build.0 = Release|Any CPU
		{FD6636A2-7486-48E2-98B2-759B0E9FA303}.Release|x64.ActiveCfg = Release|Any CPU
		{FD6636A2-7486-48E2-98B2-759B0E9FA303}.Release|x64.Build.0 = Release|Any CPU
		{FD6636A2-7486-48E2-98B2-759B0E9FA303}.Release|x86.ActiveCfg = Release|Any CPU
		{FD6636A2-7486-48E2-98B2-759B0E9FA303}.Release|x86.Build.0 = Release|Any CPU
		{67B283C3-8F30-4CE7-888D-1B7771C7124F}.Debug|Any CPU.ActiveCfg = Debug|Any CPU
		{67B283C3-8F30-4CE7-888D-1B7771C7124F}.Debug|Any CPU.Build.0 = Debug|Any CPU
		{67B283C3-8F30-4CE7-888D-1B7771C7124F}.Debug|x64.ActiveCfg = Debug|Any CPU
		{67B283C3-8F30-4CE7-888D-1B7771C7124F}.Debug|x64.Build.0 = Debug|Any CPU
		{67B283C3-8F30-4CE7-888D-1B7771C7124F}.Debug|x86.ActiveCfg = Debug|Any CPU
		{67B283C3-8F30-4CE7-888D-1B7771C7124F}.Debug|x86.Build.0 = Debug|Any CPU
		{67B283C3-8F30-4CE7-888D-1B7771C7124F}.Release|Any CPU.ActiveCfg = Release|Any CPU
		{67B283C3-8F30-4CE7-888D-1B7771C7124F}.Release|Any CPU.Build.0 = Release|Any CPU
		{67B283C3-8F30-4CE7-888D-1B7771C7124F}.Release|x64.ActiveCfg = Release|Any CPU
		{67B283C3-8F30-4CE7-888D-1B7771C7124F}.Release|x64.Build.0 = Release|Any CPU
		{67B283C3-8F30-4CE7-888D-1B7771C7124F}.Release|x86.ActiveCfg = Release|Any CPU
		{67B283C3-8F30-4CE7-888D-1B7771C7124F}.Release|x86.Build.0 = Release|Any CPU
		{5465582E-39AF-498A-8951-A1EAEAD4D34F}.Debug|Any CPU.ActiveCfg = Debug|Any CPU
		{5465582E-39AF-498A-8951-A1EAEAD4D34F}.Debug|Any CPU.Build.0 = Debug|Any CPU
		{5465582E-39AF-498A-8951-A1EAEAD4D34F}.Debug|x64.ActiveCfg = Debug|Any CPU
		{5465582E-39AF-498A-8951-A1EAEAD4D34F}.Debug|x64.Build.0 = Debug|Any CPU
		{5465582E-39AF-498A-8951-A1EAEAD4D34F}.Debug|x86.ActiveCfg = Debug|Any CPU
		{5465582E-39AF-498A-8951-A1EAEAD4D34F}.Debug|x86.Build.0 = Debug|Any CPU
		{5465582E-39AF-498A-8951-A1EAEAD4D34F}.Release|Any CPU.ActiveCfg = Release|Any CPU
		{5465582E-39AF-498A-8951-A1EAEAD4D34F}.Release|Any CPU.Build.0 = Release|Any CPU
		{5465582E-39AF-498A-8951-A1EAEAD4D34F}.Release|x64.ActiveCfg = Release|Any CPU
		{5465582E-39AF-498A-8951-A1EAEAD4D34F}.Release|x64.Build.0 = Release|Any CPU
		{5465582E-39AF-498A-8951-A1EAEAD4D34F}.Release|x86.ActiveCfg = Release|Any CPU
		{5465582E-39AF-498A-8951-A1EAEAD4D34F}.Release|x86.Build.0 = Release|Any CPU
		{F01C8AE6-D4AF-46C4-B212-9C2A513DC94E}.Debug|Any CPU.ActiveCfg = Debug|Any CPU
		{F01C8AE6-D4AF-46C4-B212-9C2A513DC94E}.Debug|Any CPU.Build.0 = Debug|Any CPU
		{F01C8AE6-D4AF-46C4-B212-9C2A513DC94E}.Debug|x64.ActiveCfg = Debug|Any CPU
		{F01C8AE6-D4AF-46C4-B212-9C2A513DC94E}.Debug|x64.Build.0 = Debug|Any CPU
		{F01C8AE6-D4AF-46C4-B212-9C2A513DC94E}.Debug|x86.ActiveCfg = Debug|Any CPU
		{F01C8AE6-D4AF-46C4-B212-9C2A513DC94E}.Debug|x86.Build.0 = Debug|Any CPU
		{F01C8AE6-D4AF-46C4-B212-9C2A513DC94E}.Release|Any CPU.ActiveCfg = Release|Any CPU
		{F01C8AE6-D4AF-46C4-B212-9C2A513DC94E}.Release|Any CPU.Build.0 = Release|Any CPU
		{F01C8AE6-D4AF-46C4-B212-9C2A513DC94E}.Release|x64.ActiveCfg = Release|Any CPU
		{F01C8AE6-D4AF-46C4-B212-9C2A513DC94E}.Release|x64.Build.0 = Release|Any CPU
		{F01C8AE6-D4AF-46C4-B212-9C2A513DC94E}.Release|x86.ActiveCfg = Release|Any CPU
		{F01C8AE6-D4AF-46C4-B212-9C2A513DC94E}.Release|x86.Build.0 = Release|Any CPU
		{109C3234-70A0-4CE5-84B4-065A89CF9D88}.Debug|Any CPU.ActiveCfg = Debug|Any CPU
		{109C3234-70A0-4CE5-84B4-065A89CF9D88}.Debug|Any CPU.Build.0 = Debug|Any CPU
		{109C3234-70A0-4CE5-84B4-065A89CF9D88}.Debug|x64.ActiveCfg = Debug|Any CPU
		{109C3234-70A0-4CE5-84B4-065A89CF9D88}.Debug|x64.Build.0 = Debug|Any CPU
		{109C3234-70A0-4CE5-84B4-065A89CF9D88}.Debug|x86.ActiveCfg = Debug|Any CPU
		{109C3234-70A0-4CE5-84B4-065A89CF9D88}.Debug|x86.Build.0 = Debug|Any CPU
		{109C3234-70A0-4CE5-84B4-065A89CF9D88}.Release|Any CPU.ActiveCfg = Release|Any CPU
		{109C3234-70A0-4CE5-84B4-065A89CF9D88}.Release|Any CPU.Build.0 = Release|Any CPU
		{109C3234-70A0-4CE5-84B4-065A89CF9D88}.Release|x64.ActiveCfg = Release|Any CPU
		{109C3234-70A0-4CE5-84B4-065A89CF9D88}.Release|x64.Build.0 = Release|Any CPU
		{109C3234-70A0-4CE5-84B4-065A89CF9D88}.Release|x86.ActiveCfg = Release|Any CPU
		{109C3234-70A0-4CE5-84B4-065A89CF9D88}.Release|x86.Build.0 = Release|Any CPU
		{F912D9A3-8078-47B7-BA95-2572DB24A12A}.Debug|Any CPU.ActiveCfg = Debug|Any CPU
		{F912D9A3-8078-47B7-BA95-2572DB24A12A}.Debug|Any CPU.Build.0 = Debug|Any CPU
		{F912D9A3-8078-47B7-BA95-2572DB24A12A}.Debug|x64.ActiveCfg = Debug|Any CPU
		{F912D9A3-8078-47B7-BA95-2572DB24A12A}.Debug|x64.Build.0 = Debug|Any CPU
		{F912D9A3-8078-47B7-BA95-2572DB24A12A}.Debug|x86.ActiveCfg = Debug|Any CPU
		{F912D9A3-8078-47B7-BA95-2572DB24A12A}.Debug|x86.Build.0 = Debug|Any CPU
		{F912D9A3-8078-47B7-BA95-2572DB24A12A}.Release|Any CPU.ActiveCfg = Release|Any CPU
		{F912D9A3-8078-47B7-BA95-2572DB24A12A}.Release|Any CPU.Build.0 = Release|Any CPU
		{F912D9A3-8078-47B7-BA95-2572DB24A12A}.Release|x64.ActiveCfg = Release|Any CPU
		{F912D9A3-8078-47B7-BA95-2572DB24A12A}.Release|x64.Build.0 = Release|Any CPU
		{F912D9A3-8078-47B7-BA95-2572DB24A12A}.Release|x86.ActiveCfg = Release|Any CPU
		{F912D9A3-8078-47B7-BA95-2572DB24A12A}.Release|x86.Build.0 = Release|Any CPU
		{95A58B54-44D1-4A6E-962D-769470ADA2C2}.Debug|Any CPU.ActiveCfg = Debug|Any CPU
		{95A58B54-44D1-4A6E-962D-769470ADA2C2}.Debug|Any CPU.Build.0 = Debug|Any CPU
		{95A58B54-44D1-4A6E-962D-769470ADA2C2}.Debug|x64.ActiveCfg = Debug|Any CPU
		{95A58B54-44D1-4A6E-962D-769470ADA2C2}.Debug|x64.Build.0 = Debug|Any CPU
		{95A58B54-44D1-4A6E-962D-769470ADA2C2}.Debug|x86.ActiveCfg = Debug|Any CPU
		{95A58B54-44D1-4A6E-962D-769470ADA2C2}.Debug|x86.Build.0 = Debug|Any CPU
		{95A58B54-44D1-4A6E-962D-769470ADA2C2}.Release|Any CPU.ActiveCfg = Release|Any CPU
		{95A58B54-44D1-4A6E-962D-769470ADA2C2}.Release|Any CPU.Build.0 = Release|Any CPU
		{95A58B54-44D1-4A6E-962D-769470ADA2C2}.Release|x64.ActiveCfg = Release|Any CPU
		{95A58B54-44D1-4A6E-962D-769470ADA2C2}.Release|x64.Build.0 = Release|Any CPU
		{95A58B54-44D1-4A6E-962D-769470ADA2C2}.Release|x86.ActiveCfg = Release|Any CPU
		{95A58B54-44D1-4A6E-962D-769470ADA2C2}.Release|x86.Build.0 = Release|Any CPU
		{3D330309-3B08-42F1-8828-CA193F3B2058}.Debug|Any CPU.ActiveCfg = Debug|Any CPU
		{3D330309-3B08-42F1-8828-CA193F3B2058}.Debug|Any CPU.Build.0 = Debug|Any CPU
		{3D330309-3B08-42F1-8828-CA193F3B2058}.Debug|x64.ActiveCfg = Debug|Any CPU
		{3D330309-3B08-42F1-8828-CA193F3B2058}.Debug|x64.Build.0 = Debug|Any CPU
		{3D330309-3B08-42F1-8828-CA193F3B2058}.Debug|x86.ActiveCfg = Debug|Any CPU
		{3D330309-3B08-42F1-8828-CA193F3B2058}.Debug|x86.Build.0 = Debug|Any CPU
		{3D330309-3B08-42F1-8828-CA193F3B2058}.Release|Any CPU.ActiveCfg = Release|Any CPU
		{3D330309-3B08-42F1-8828-CA193F3B2058}.Release|Any CPU.Build.0 = Release|Any CPU
		{3D330309-3B08-42F1-8828-CA193F3B2058}.Release|x64.ActiveCfg = Release|Any CPU
		{3D330309-3B08-42F1-8828-CA193F3B2058}.Release|x64.Build.0 = Release|Any CPU
		{3D330309-3B08-42F1-8828-CA193F3B2058}.Release|x86.ActiveCfg = Release|Any CPU
		{3D330309-3B08-42F1-8828-CA193F3B2058}.Release|x86.Build.0 = Release|Any CPU
	EndGlobalSection
	GlobalSection(SolutionProperties) = preSolution
		HideSolutionNode = FALSE
	EndGlobalSection
	GlobalSection(NestedProjects) = preSolution
		{FD6636A2-7486-48E2-98B2-759B0E9FA303} = {BEC6521A-F901-2BBF-F273-35A4FDC6E8A1}
		{67B283C3-8F30-4CE7-888D-1B7771C7124F} = {BEC6521A-F901-2BBF-F273-35A4FDC6E8A1}
		{5465582E-39AF-498A-8951-A1EAEAD4D34F} = {BEC6521A-F901-2BBF-F273-35A4FDC6E8A1}
		{F01C8AE6-D4AF-46C4-B212-9C2A513DC94E} = {BEC6521A-F901-2BBF-F273-35A4FDC6E8A1}
		{109C3234-70A0-4CE5-84B4-065A89CF9D88} = {BEC6521A-F901-2BBF-F273-35A4FDC6E8A1}
		{F912D9A3-8078-47B7-BA95-2572DB24A12A} = {BEC6521A-F901-2BBF-F273-35A4FDC6E8A1}
		{95A58B54-44D1-4A6E-962D-769470ADA2C2} = {BEC6521A-F901-2BBF-F273-35A4FDC6E8A1}
		{3D330309-3B08-42F1-8828-CA193F3B2058} = {BEC6521A-F901-2BBF-F273-35A4FDC6E8A1}
	EndGlobalSection
EndGlobal
