
Microsoft Visual Studio Solution File, Format Version 12.00
# Visual Studio Version 17
VisualStudioVersion = 17.0.31903.59
MinimumVisualStudioVersion = 10.0.40219.1
Project("{FAE04EC0-301F-11D3-BF4B-00C04F79EFBC}") = "CleanArchitectureApp", "CleanArchitectureApp\CleanArchitectureApp.csproj", "{B6FFFA64-6239-B53A-198A-4B1E84F12A86}"
EndProject
Project("{FAE04EC0-301F-11D3-BF4B-00C04F79EFBC}") = "CleanArchitectureApp.Domain", "CleanArchitectureApp.Domain\CleanArchitectureApp.Domain.csproj", "{CEFDD506-A07F-4BEC-BE42-4ACE250FFF20}"
EndProject
Project("{FAE04EC0-301F-11D3-BF4B-00C04F79EFBC}") = "CleanArchitectureApp.Application", "CleanArchitectureApp.Application\CleanArchitectureApp.Application.csproj", "{5B15D240-C5BD-4E52-8626-F0D29B47BA8C}"
EndProject
Project("{FAE04EC0-301F-11D3-BF4B-00C04F79EFBC}") = "CleanArchitectureApp.Infrastructure", "CleanArchitectureApp.Infrastructure\CleanArchitectureApp.Infrastructure.csproj", "{BD24B646-75E4-467D-B737-0DE89E371DD5}"
EndProject
Global
	GlobalSection(SolutionConfigurationPlatforms) = preSolution
		Debug|Any CPU = Debug|Any CPU
		Release|Any CPU = Release|Any CPU
	EndGlobalSection
	GlobalSection(ProjectConfigurationPlatforms) = postSolution
		{B6FFFA64-6239-B53A-198A-4B1E84F12A86}.Debug|Any CPU.ActiveCfg = Debug|Any CPU
		{B6FFFA64-6239-B53A-198A-4B1E84F12A86}.Debug|Any CPU.Build.0 = Debug|Any CPU
		{B6FFFA64-6239-B53A-198A-4B1E84F12A86}.Release|Any CPU.ActiveCfg = Release|Any CPU
		{B6FFFA64-6239-B53A-198A-4B1E84F12A86}.Release|Any CPU.Build.0 = Release|Any CPU
		{CEFDD506-A07F-4BEC-BE42-4ACE250FFF20}.Debug|Any CPU.ActiveCfg = Debug|Any CPU
		{CEFDD506-A07F-4BEC-BE42-4ACE250FFF20}.Debug|Any CPU.Build.0 = Debug|Any CPU
		{CEFDD506-A07F-4BEC-BE42-4ACE250FFF20}.Release|Any CPU.ActiveCfg = Release|Any CPU
		{CEFDD506-A07F-4BEC-BE42-4ACE250FFF20}.Release|Any CPU.Build.0 = Release|Any CPU
		{5B15D240-C5BD-4E52-8626-F0D29B47BA8C}.Debug|Any CPU.ActiveCfg = Debug|Any CPU
		{5B15D240-C5BD-4E52-8626-F0D29B47BA8C}.Debug|Any CPU.Build.0 = Debug|Any CPU
		{5B15D240-C5BD-4E52-8626-F0D29B47BA8C}.Release|Any CPU.ActiveCfg = Release|Any CPU
		{5B15D240-C5BD-4E52-8626-F0D29B47BA8C}.Release|Any CPU.Build.0 = Release|Any CPU
		{BD24B646-75E4-467D-B737-0DE89E371DD5}.Debug|Any CPU.ActiveCfg = Debug|Any CPU
		{BD24B646-75E4-467D-B737-0DE89E371DD5}.Debug|Any CPU.Build.0 = Debug|Any CPU
		{BD24B646-75E4-467D-B737-0DE89E371DD5}.Release|Any CPU.ActiveCfg = Release|Any CPU
		{BD24B646-75E4-467D-B737-0DE89E371DD5}.Release|Any CPU.Build.0 = Release|Any CPU
	EndGlobalSection
	GlobalSection(SolutionProperties) = preSolution
		HideSolutionNode = FALSE
	EndGlobalSection
	GlobalSection(ExtensibilityGlobals) = postSolution
		SolutionGuid = {0E573919-2EA3-4195-9E44-AB755BDF2911}
	EndGlobalSection
EndGlobal
