
Microsoft Visual Studio Solution File, Format Version 12.00
# Visual Studio Version 17
VisualStudioVersion = 17.0.31903.59
MinimumVisualStudioVersion = 10.0.40219.1
Project("{2150E333-8FDC-42A3-9474-1A3956D46DE8}") = "Problems", "Problems", "{BEC6521A-F901-2BBF-F273-35A4FDC6E8A1}"
EndProject
Project("{FAE04EC0-301F-11D3-BF4B-00C04F79EFBC}") = "BankAccountLedger", "Problems\BankAccountLedger\BankAccountLedger.csproj", "{7FE5251E-3035-4457-B369-76E4B031367E}"
EndProject
Project("{FAE04EC0-301F-11D3-BF4B-00C04F79EFBC}") = "PayrollProcessor", "Problems\PayrollProcessor\PayrollProcessor.csproj", "{6059C4A2-2932-4E95-97DA-475AE3A05444}"
EndProject
Project("{FAE04EC0-301F-11D3-BF4B-00C04F79EFBC}") = "FleetVehicleManager", "Problems\FleetVehicleManager\FleetVehicleManager.csproj", "{9B5EAD12-D505-4233-8FB6-141116B8BDA2}"
EndProject
Project("{FAE04EC0-301F-11D3-BF4B-00C04F79EFBC}") = "DocumentArchive", "Problems\DocumentArchive\DocumentArchive.csproj", "{FC5DDCCB-B234-472E-9EA4-4B0BD5EE856D}"
EndProject
Project("{FAE04EC0-301F-11D3-BF4B-00C04F79EFBC}") = "NotificationHub", "Problems\NotificationHub\NotificationHub.csproj", "{FAA77476-4FC6-4B2A-B389-FF634599FA2F}"
EndProject
Project("{FAE04EC0-301F-11D3-BF4B-00C04F79EFBC}") = "ClinicBillingRegistry", "Problems\ClinicBillingRegistry\ClinicBillingRegistry.csproj", "{A6AB4CC0-9A61-4485-8E2D-BC4AD301E412}"
EndProject
Project("{FAE04EC0-301F-11D3-BF4B-00C04F79EFBC}") = "WarehouseSkuCatalog", "Problems\WarehouseSkuCatalog\WarehouseSkuCatalog.csproj", "{4AECF8B8-2242-49DA-958E-1027795CAC21}"
EndProject
Global
	GlobalSection(SolutionConfigurationPlatforms) = preSolution
		Debug|Any CPU = Debug|Any CPU
		Debug|x64 = Debug|x64
		Debug|x86 = Debug|x86
		Release|Any CPU = Release|Any CPU
		Release|x64 = Release|x64
		Release|x86 = Release|x86
	EndGlobalSection
	GlobalSection(ProjectConfigurationPlatforms) = postSolution
		{7FE5251E-3035-4457-B369-76E4B031367E}.Debug|Any CPU.ActiveCfg = Debug|Any CPU
		{7FE5251E-3035-4457-B369-76E4B031367E}.Debug|Any CPU.Build.0 = Debug|Any CPU
		{7FE5251E-3035-4457-B369-76E4B031367E}.Debug|x64.ActiveCfg = Debug|Any CPU
		{7FE5251E-3035-4457-B369-76E4B031367E}.Debug|x64.Build.0 = Debug|Any CPU
		{7FE5251E-3035-4457-B369-76E4B031367E}.Debug|x86.ActiveCfg = Debug|Any CPU
		{7FE5251E-3035-4457-B369-76E4B031367E}.Debug|x86.Build.0 = Debug|Any CPU
		{7FE5251E-3035-4457-B369-76E4B031367E}.Release|Any CPU.ActiveCfg = Release|Any CPU
		{7FE5251E-3035-4457-B369-76E4B031367E}.Release|Any CPU.Build.0 = Release|Any CPU
		{7FE5251E-3035-4457-B369-76E4B031367E}.Release|x64.ActiveCfg = Release|Any CPU
		{7FE5251E-3035-4457-B369-76E4B031367E}.Release|x64.Build.0 = Release|Any CPU
		{7FE5251E-3035-4457-B369-76E4B031367E}.Release|x86.ActiveCfg = Release|Any CPU
		{7FE5251E-3035-4457-B369-76E4B031367E}.Release|x86.Build.0 = Release|Any CPU
		{6059C4A2-2932-4E95-97DA-475AE3A05444}.Debug|Any CPU.ActiveCfg = Debug|Any CPU
		{6059C4A2-2932-4E95-97DA-475AE3A05444}.Debug|Any CPU.Build.0 = Debug|Any CPU
		{6059C4A2-2932-4E95-97DA-475AE3A05444}.Debug|x64.ActiveCfg = Debug|Any CPU
		{6059C4A2-2932-4E95-97DA-475AE3A05444}.Debug|x64.Build.0 = Debug|Any CPU
		{6059C4A2-2932-4E95-97DA-475AE3A05444}.Debug|x86.ActiveCfg = Debug|Any CPU
		{6059C4A2-2932-4E95-97DA-475AE3A05444}.Debug|x86.Build.0 = Debug|Any CPU
		{6059C4A2-2932-4E95-97DA-475AE3A05444}.Release|Any CPU.ActiveCfg = Release|Any CPU
		{6059C4A2-2932-4E95-97DA-475AE3A05444}.Release|Any CPU.Build.0 = Release|Any CPU
		{6059C4A2-2932-4E95-97DA-475AE3A05444}.Release|x64.ActiveCfg = Release|Any CPU
		{6059C4A2-2932-4E95-97DA-475AE3A05444}.Release|x64.Build.0 = Release|Any CPU
		{6059C4A2-2932-4E95-97DA-475AE3A05444}.Release|x86.ActiveCfg = Release|Any CPU
		{6059C4A2-2932-4E95-97DA-475AE3A05444}.Release|x86.Build.0 = Release|Any CPU
		{9B5EAD12-D505-4233-8FB6-141116B8BDA2}.Debug|Any CPU.ActiveCfg = Debug|Any CPU
		{9B5EAD12-D505-4233-8FB6-141116B8BDA2}.Debug|Any CPU.Build.0 = Debug|Any CPU
		{9B5EAD12-D505-4233-8FB6-141116B8BDA2}.Debug|x64.ActiveCfg = Debug|Any CPU
		{9B5EAD12-D505-4233-8FB6-141116B8BDA2}.Debug|x64.Build.0 = Debug|Any CPU
		{9B5EAD12-D505-4233-8FB6-141116B8BDA2}.Debug|x86.ActiveCfg = Debug|Any CPU
		{9B5EAD12-D505-4233-8FB6-141116B8BDA2}.Debug|x86.Build.0 = Debug|Any CPU
		{9B5EAD12-D505-4233-8FB6-141116B8BDA2}.Release|Any CPU.ActiveCfg = Release|Any CPU
		{9B5EAD12-D505-4233-8FB6-141116B8BDA2}.Release|Any CPU.Build.0 = Release|Any CPU
		{9B5EAD12-D505-4233-8FB6-141116B8BDA2}.Release|x64.ActiveCfg = Release|Any CPU
		{9B5EAD12-D505-4233-8FB6-141116B8BDA2}.Release|x64.Build.0 = Release|Any CPU
		{9B5EAD12-D505-4233-8FB6-141116B8BDA2}.Release|x86.ActiveCfg = Release|Any CPU
		{9B5EAD12-D505-4233-8FB6-141116B8BDA2}.Release|x86.Build.0 = Release|Any CPU
		{FC5DDCCB-B234-472E-9EA4-4B0BD5EE856D}.Debug|Any CPU.ActiveCfg = Debug|Any CPU
		{FC5DDCCB-B234-472E-9EA4-4B0BD5EE856D}.Debug|Any CPU.Build.0 = Debug|Any CPU
		{FC5DDCCB-B234-472E-9EA4-4B0BD5EE856D}.Debug|x64.ActiveCfg = Debug|Any CPU
		{FC5DDCCB-B234-472E-9EA4-4B0BD5EE856D}.Debug|x64.Build.0 = Debug|Any CPU
		{FC5DDCCB-B234-472E-9EA4-4B0BD5EE856D}.Debug|x86.ActiveCfg = Debug|Any CPU
		{FC5DDCCB-B234-472E-9EA4-4B0BD5EE856D}.Debug|x86.Build.0 = Debug|Any CPU
		{FC5DDCCB-B234-472E-9EA4-4B0BD5EE856D}.Release|Any CPU.ActiveCfg = Release|Any CPU
		{FC5DDCCB-B234-472E-9EA4-4B0BD5EE856D}.Release|Any CPU.Build.0 = Release|Any CPU
		{FC5DDCCB-B234-472E-9EA4-4B0BD5EE856D}.Release|x64.ActiveCfg = Release|Any CPU
		{FC5DDCCB-B234-472E-9EA4-4B0BD5EE856D}.Release|x64.Build.0 = Release|Any CPU
		{FC5DDCCB-B234-472E-9EA4-4B0BD5EE856D}.Release|x86.ActiveCfg = Release|Any CPU
		{FC5DDCCB-B234-472E-9EA4-4B0BD5EE856D}.Release|x86.Build.0 = Release|Any CPU
		{FAA77476-4FC6-4B2A-B389-FF634599FA2F}.Debug|Any CPU.ActiveCfg = Debug|Any CPU
		{FAA77476-4FC6-4B2A-B389-FF634599FA2F}.Debug|Any CPU.Build.0 = Debug|Any CPU
		{FAA77476-4FC6-4B2A-B389-FF634599FA2F}.Debug|x64.ActiveCfg = Debug|Any CPU
		{FAA77476-4FC6-4B2A-B389-FF634599FA2F}.Debug|x64.Build.0 = Debug|Any CPU
		{FAA77476-4FC6-4B2A-B389-FF634599FA2F}.Debug|x86.ActiveCfg = Debug|Any CPU
		{FAA77476-4FC6-4B2A-B389-FF634599FA2F}.Debug|x86.Build.0 = Debug|Any CPU
		{FAA77476-4FC6-4B2A-B389-FF634599FA2F}.Release|Any CPU.ActiveCfg = Release|Any CPU
		{FAA77476-4FC6-4B2A-B389-FF634599FA2F}.Release|Any CPU.Build.0 = Release|Any CPU
		{FAA77476-4FC6-4B2A-B389-FF634599FA2F}.Release|x64.ActiveCfg = Release|Any CPU
		{FAA77476-4FC6-4B2A-B389-FF634599FA2F}.Release|x64.Build.0 = Release|Any CPU
		{FAA77476-4FC6-4B2A-B389-FF634599FA2F}.Release|x86.ActiveCfg = Release|Any CPU
		{FAA77476-4FC6-4B2A-B389-FF634599FA2F}.Release|x86.Build.0 = Release|Any CPU
		{A6AB4CC0-9A61-4485-8E2D-BC4AD301E412}.Debug|Any CPU.ActiveCfg = Debug|Any CPU
		{A6AB4CC0-9A61-4485-8E2D-BC4AD301E412}.Debug|Any CPU.Build.0 = Debug|Any CPU
		{A6AB4CC0-9A61-4485-8E2D-BC4AD301E412}.Debug|x64.ActiveCfg = Debug|Any CPU
		{A6AB4CC0-9A61-4485-8E2D-BC4AD301E412}.Debug|x64.Build.0 = Debug|Any CPU
		{A6AB4CC0-9A61-4485-8E2D-BC4AD301E412}.Debug|x86.ActiveCfg = Debug|Any CPU
		{A6AB4CC0-9A61-4485-8E2D-BC4AD301E412}.Debug|x86.Build.0 = Debug|Any CPU
		{A6AB4CC0-9A61-4485-8E2D-BC4AD301E412}.Release|Any CPU.ActiveCfg = Release|Any CPU
		{A6AB4CC0-9A61-4485-8E2D-BC4AD301E412}.Release|Any CPU.Build.0 = Release|Any CPU
		{A6AB4CC0-9A61-4485-8E2D-BC4AD301E412}.Release|x64.ActiveCfg = Release|Any CPU
		{A6AB4CC0-9A61-4485-8E2D-BC4AD301E412}.Release|x64.Build.0 = Release|Any CPU
		{A6AB4CC0-9A61-4485-8E2D-BC4AD301E412}.Release|x86.ActiveCfg = Release|Any CPU
		{A6AB4CC0-9A61-4485-8E2D-BC4AD301E412}.Release|x86.Build.0 = Release|Any CPU
		{4AECF8B8-2242-49DA-958E-1027795CAC21}.Debug|Any CPU.ActiveCfg = Debug|Any CPU
		{4AECF8B8-2242-49DA-958E-1027795CAC21}.Debug|Any CPU.Build.0 = Debug|Any CPU
		{4AECF8B8-2242-49DA-958E-1027795CAC21}.Debug|x64.ActiveCfg = Debug|Any CPU
		{4AECF8B8-2242-49DA-958E-1027795CAC21}.Debug|x64.Build.0 = Debug|Any CPU
		{4AECF8B8-2242-49DA-958E-1027795CAC21}.Debug|x86.ActiveCfg = Debug|Any CPU
		{4AECF8B8-2242-49DA-958E-1027795CAC21}.Debug|x86.Build.0 = Debug|Any CPU
		{4AECF8B8-2242-49DA-958E-1027795CAC21}.Release|Any CPU.ActiveCfg = Release|Any CPU
		{4AECF8B8-2242-49DA-958E-1027795CAC21}.Release|Any CPU.Build.0 = Release|Any CPU
		{4AECF8B8-2242-49DA-958E-1027795CAC21}.Release|x64.ActiveCfg = Release|Any CPU
		{4AECF8B8-2242-49DA-958E-1027795CAC21}.Release|x64.Build.0 = Release|Any CPU
		{4AECF8B8-2242-49DA-958E-1027795CAC21}.Release|x86.ActiveCfg = Release|Any CPU
		{4AECF8B8-2242-49DA-958E-1027795CAC21}.Release|x86.Build.0 = Release|Any CPU
	EndGlobalSection
	GlobalSection(SolutionProperties) = preSolution
		HideSolutionNode = FALSE
	EndGlobalSection
	GlobalSection(NestedProjects) = preSolution
		{7FE5251E-3035-4457-B369-76E4B031367E} = {BEC6521A-F901-2BBF-F273-35A4FDC6E8A1}
		{6059C4A2-2932-4E95-97DA-475AE3A05444} = {BEC6521A-F901-2BBF-F273-35A4FDC6E8A1}
		{9B5EAD12-D505-4233-8FB6-141116B8BDA2} = {BEC6521A-F901-2BBF-F273-35A4FDC6E8A1}
		{FC5DDCCB-B234-472E-9EA4-4B0BD5EE856D} = {BEC6521A-F901-2BBF-F273-35A4FDC6E8A1}
		{FAA77476-4FC6-4B2A-B389-FF634599FA2F} = {BEC6521A-F901-2BBF-F273-35A4FDC6E8A1}
		{A6AB4CC0-9A61-4485-8E2D-BC4AD301E412} = {BEC6521A-F901-2BBF-F273-35A4FDC6E8A1}
		{4AECF8B8-2242-49DA-958E-1027795CAC21} = {BEC6521A-F901-2BBF-F273-35A4FDC6E8A1}
	EndGlobalSection
EndGlobal
