
Microsoft Visual Studio Solution File, Format Version 12.00
# Visual Studio Version 17
VisualStudioVersion = 17.6.33723.286
MinimumVisualStudioVersion = 10.0.40219.1
Project("{FAE04EC0-301F-11D3-BF4B-00C04F79EFBC}") = "WebApiRepositryApplication", "WebApiRepositryApplication\WebApiRepositryApplication.csproj", "{B82A2F35-5227-4845-B378-A1331E973F6C}"
EndProject
Global
	GlobalSection(SolutionConfigurationPlatforms) = preSolution
		Debug|Any CPU = Debug|Any CPU
		Release|Any CPU = Release|Any CPU
	EndGlobalSection
	GlobalSection(ProjectConfigurationPlatforms) = postSolution
		{B82A2F35-5227-4845-B378-A1331E973F6C}.Debug|Any CPU.ActiveCfg = Debug|Any CPU
		{B82A2F35-5227-4845-B378-A1331E973F6C}.Debug|Any CPU.Build.0 = Debug|Any CPU
		{B82A2F35-5227-4845-B378-A1331E973F6C}.Release|Any CPU.ActiveCfg = Release|Any CPU
		{B82A2F35-5227-4845-B378-A1331E973F6C}.Release|Any CPU.Build.0 = Release|Any CPU
	EndGlobalSection
	GlobalSection(SolutionProperties) = preSolution
		HideSolutionNode = FALSE
	EndGlobalSection
	GlobalSection(ExtensibilityGlobals) = postSolution
		SolutionGuid = {E9E3DB71-32DC-495C-A0D3-E883B6CDEC79}
	EndGlobalSection
EndGlobal
