
Microsoft Visual Studio Solution File, Format Version 12.00
# Visual Studio Version 17
VisualStudioVersion = 17.5.33627.172
MinimumVisualStudioVersion = 10.0.40219.1
Project("{9A19103F-16F7-4668-BE54-9A1E7A4F7556}") = "Problem01", "Problem1\Problem01.csproj", "{87152D1A-4885-44FB-9CB4-D0FC11E65F28}"
EndProject
Project("{9A19103F-16F7-4668-BE54-9A1E7A4F7556}") = "Problem02", "Problem2\Problem02.csproj", "{D990F16A-90B4-4F87-9C4B-87C3924CC4F6}"
EndProject
Project("{9A19103F-16F7-4668-BE54-9A1E7A4F7556}") = "Problem03", "Problem3\Problem03.csproj", "{2DC23AB9-893F-4E77-B5F4-4314F35105EC}"
EndProject
Project("{9A19103F-16F7-4668-BE54-9A1E7A4F7556}") = "Problem04", "Problem4\Problem04.csproj", "{761BD9FD-7CAE-47C2-B740-79EC603BA0D3}"
EndProject
Project("{9A19103F-16F7-4668-BE54-9A1E7A4F7556}") = "Problem05", "Problem5\Problem05.csproj", "{8E001A5F-D318-4C26-844B-5FD22AFC90F4}"
EndProject
Project("{9A19103F-16F7-4668-BE54-9A1E7A4F7556}") = "Problem06", "Problem6\Problem06.csproj", "{2B62AD2D-9D2A-4A8A-816C-D30B0F18E485}"
EndProject
Project("{9A19103F-16F7-4668-BE54-9A1E7A4F7556}") = "Problem07", "Problem7\Problem07.csproj", "{6E199B60-EEE4-4BC7-9BFE-69E84EDD30C4}"
EndProject
Project("{9A19103F-16F7-4668-BE54-9A1E7A4F7556}") = "Problem08", "Problem8\Problem08.csproj", "{1FB1AAF9-6AA4-4719-9278-49904C0AD8D1}"
EndProject
Project("{9A19103F-16F7-4668-BE54-9A1E7A4F7556}") = "Problem09", "Proglem9\Problem09.csproj", "{B5C68EA3-4DDC-44C5-A62C-0D5289AC571E}"
EndProject
Project("{9A19103F-16F7-4668-BE54-9A1E7A4F7556}") = "Problem20", "Problem20\Problem20.csproj", "{DE8317E4-9426-4039-B37C-B94910597E1A}"
EndProject
Project("{9A19103F-16F7-4668-BE54-9A1E7A4F7556}") = "Problem19", "Problem19\Problem19.csproj", "{7CD9EEDC-4890-4128-BC0F-3EFBBBCA76FF}"
EndProject
Project("{9A19103F-16F7-4668-BE54-9A1E7A4F7556}") = "Problem18", "Problem18\Problem18.csproj", "{19C43520-C483-4C7A-9DE2-CBEAD176AE91}"
EndProject
Project("{9A19103F-16F7-4668-BE54-9A1E7A4F7556}") = "Problem17", "Problem17\Problem17.csproj", "{DE5BF066-1676-47C2-AA61-9E0FB790DAF7}"
EndProject
Project("{9A19103F-16F7-4668-BE54-9A1E7A4F7556}") = "Problem16", "Problem16\Problem16.csproj", "{40B89304-5D77-42BA-91C7-218B6DA3870A}"
EndProject
Project("{9A19103F-16F7-4668-BE54-9A1E7A4F7556}") = "Problem14", "Problem14\Problem14.csproj", "{16E9C96E-5269-439D-A76E-860D940E2FE1}"
EndProject
Project("{9A19103F-16F7-4668-BE54-9A1E7A4F7556}") = "Problem13", "Problem13\Problem13.csproj", "{F97BAFC2-43C8-4374-8124-5C94274958EB}"
EndProject
Project("{FAE04EC0-301F-11D3-BF4B-00C04F79EFBC}") = "Problem15", "Problem15\Problem15.csproj", "{6747DFBD-8D86-4426-8D5F-608E285CB936}"
EndProject
Project("{FAE04EC0-301F-11D3-BF4B-00C04F79EFBC}") = "Problem12", "Project12\Problem12.csproj", "{DEBAB69C-819A-428C-BF27-89165D3FC600}"
EndProject
Project("{FAE04EC0-301F-11D3-BF4B-00C04F79EFBC}") = "Problem10", "Problem10\Problem10.csproj", "{0A5E5E25-5939-463E-BF2D-C6A1387C9AB2}"
EndProject
Project("{FAE04EC0-301F-11D3-BF4B-00C04F79EFBC}") = "Problem11", "Problem11\Problem11.csproj", "{A47D8D42-2835-4313-A232-B726F8EB9911}"
EndProject
Global
	GlobalSection(SolutionConfigurationPlatforms) = preSolution
		Debug|Any CPU = Debug|Any CPU
		Release|Any CPU = Release|Any CPU
	EndGlobalSection
	GlobalSection(ProjectConfigurationPlatforms) = postSolution
		{87152D1A-4885-44FB-9CB4-D0FC11E65F28}.Debug|Any CPU.ActiveCfg = Debug|Any CPU
		{87152D1A-4885-44FB-9CB4-D0FC11E65F28}.Debug|Any CPU.Build.0 = Debug|Any CPU
		{87152D1A-4885-44FB-9CB4-D0FC11E65F28}.Release|Any CPU.ActiveCfg = Release|Any CPU
		{87152D1A-4885-44FB-9CB4-D0FC11E65F28}.Release|Any CPU.Build.0 = Release|Any CPU
		{D990F16A-90B4-4F87-9C4B-87C3924CC4F6}.Debug|Any CPU.ActiveCfg = Debug|Any CPU
		{D990F16A-90B4-4F87-9C4B-87C3924CC4F6}.Debug|Any CPU.Build.0 = Debug|Any CPU
		{D990F16A-90B4-4F87-9C4B-87C3924CC4F6}.Release|Any CPU.ActiveCfg = Release|Any CPU
		{D990F16A-90B4-4F87-9C4B-87C3924CC4F6}.Release|Any CPU.Build.0 = Release|Any CPU
		{2DC23AB9-893F-4E77-B5F4-4314F35105EC}.Debug|Any CPU.ActiveCfg = Debug|Any CPU
		{2DC23AB9-893F-4E77-B5F4-4314F35105EC}.Debug|Any CPU.Build.0 = Debug|Any CPU
		{2DC23AB9-893F-4E77-B5F4-4314F35105EC}.Release|Any CPU.ActiveCfg = Release|Any CPU
		{2DC23AB9-893F-4E77-B5F4-4314F35105EC}.Release|Any CPU.Build.0 = Release|Any CPU
		{761BD9FD-7CAE-47C2-B740-79EC603BA0D3}.Debug|Any CPU.ActiveCfg = Debug|Any CPU
		{761BD9FD-7CAE-47C2-B740-79EC603BA0D3}.Debug|Any CPU.Build.0 = Debug|Any CPU
		{761BD9FD-7CAE-47C2-B740-79EC603BA0D3}.Release|Any CPU.ActiveCfg = Release|Any CPU
		{761BD9FD-7CAE-47C2-B740-79EC603BA0D3}.Release|Any CPU.Build.0 = Release|Any CPU
		{8E001A5F-D318-4C26-844B-5FD22AFC90F4}.Debug|Any CPU.ActiveCfg = Debug|Any CPU
		{8E001A5F-D318-4C26-844B-5FD22AFC90F4}.Debug|Any CPU.Build.0 = Debug|Any CPU
		{8E001A5F-D318-4C26-844B-5FD22AFC90F4}.Release|Any CPU.ActiveCfg = Release|Any CPU
		{8E001A5F-D318-4C26-844B-5FD22AFC90F4}.Release|Any CPU.Build.0 = Release|Any CPU
		{2B62AD2D-9D2A-4A8A-816C-D30B0F18E485}.Debug|Any CPU.ActiveCfg = Debug|Any CPU
		{2B62AD2D-9D2A-4A8A-816C-D30B0F18E485}.Debug|Any CPU.Build.0 = Debug|Any CPU
		{2B62AD2D-9D2A-4A8A-816C-D30B0F18E485}.Release|Any CPU.ActiveCfg = Release|Any CPU
		{2B62AD2D-9D2A-4A8A-816C-D30B0F18E485}.Release|Any CPU.Build.0 = Release|Any CPU
		{6E199B60-EEE4-4BC7-9BFE-69E84EDD30C4}.Debug|Any CPU.ActiveCfg = Debug|Any CPU
		{6E199B60-EEE4-4BC7-9BFE-69E84EDD30C4}.Debug|Any CPU.Build.0 = Debug|Any CPU
		{6E199B60-EEE4-4BC7-9BFE-69E84EDD30C4}.Release|Any CPU.ActiveCfg = Release|Any CPU
		{6E199B60-EEE4-4BC7-9BFE-69E84EDD30C4}.Release|Any CPU.Build.0 = Release|Any CPU
		{1FB1AAF9-6AA4-4719-9278-49904C0AD8D1}.Debug|Any CPU.ActiveCfg = Debug|Any CPU
		{1FB1AAF9-6AA4-4719-9278-49904C0AD8D1}.Debug|Any CPU.Build.0 = Debug|Any CPU
		{1FB1AAF9-6AA4-4719-9278-49904C0AD8D1}.Release|Any CPU.ActiveCfg = Release|Any CPU
		{1FB1AAF9-6AA4-4719-9278-49904C0AD8D1}.Release|Any CPU.Build.0 = Release|Any CPU
		{B5C68EA3-4DDC-44C5-A62C-0D5289AC571E}.Debug|Any CPU.ActiveCfg = Debug|Any CPU
		{B5C68EA3-4DDC-44C5-A62C-0D5289AC571E}.Debug|Any CPU.Build.0 = Debug|Any CPU
		{B5C68EA3-4DDC-44C5-A62C-0D5289AC571E}.Release|Any CPU.ActiveCfg = Release|Any CPU
		{B5C68EA3-4DDC-44C5-A62C-0D5289AC571E}.Release|Any CPU.Build.0 = Release|Any CPU
		{DE8317E4-9426-4039-B37C-B94910597E1A}.Debug|Any CPU.ActiveCfg = Debug|Any CPU
		{DE8317E4-9426-4039-B37C-B94910597E1A}.Debug|Any CPU.Build.0 = Debug|Any CPU
		{DE8317E4-9426-4039-B37C-B94910597E1A}.Release|Any CPU.ActiveCfg = Release|Any CPU
		{DE8317E4-9426-4039-B37C-B94910597E1A}.Release|Any CPU.Build.0 = Release|Any CPU
		{7CD9EEDC-4890-4128-BC0F-3EFBBBCA76FF}.Debug|Any CPU.ActiveCfg = Debug|Any CPU
		{7CD9EEDC-4890-4128-BC0F-3EFBBBCA76FF}.Debug|Any CPU.Build.0 = Debug|Any CPU
		{7CD9EEDC-4890-4128-BC0F-3EFBBBCA76FF}.Release|Any CPU.ActiveCfg = Release|Any CPU
		{7CD9EEDC-4890-4128-BC0F-3EFBBBCA76FF}.Release|Any CPU.Build.0 = Release|Any CPU
		{19C43520-C483-4C7A-9DE2-CBEAD176AE91}.Debug|Any CPU.ActiveCfg = Debug|Any CPU
		{19C43520-C483-4C7A-9DE2-CBEAD176AE91}.Debug|Any CPU.Build.0 = Debug|Any CPU
		{19C43520-C483-4C7A-9DE2-CBEAD176AE91}.Release|Any CPU.ActiveCfg = Release|Any CPU
		{19C43520-C483-4C7A-9DE2-CBEAD176AE91}.Release|Any CPU.Build.0 = Release|Any CPU
		{DE5BF066-1676-47C2-AA61-9E0FB790DAF7}.Debug|Any CPU.ActiveCfg = Debug|Any CPU
		{DE5BF066-1676-47C2-AA61-9E0FB790DAF7}.Debug|Any CPU.Build.0 = Debug|Any CPU
		{DE5BF066-1676-47C2-AA61-9E0FB790DAF7}.Release|Any CPU.ActiveCfg = Release|Any CPU
		{DE5BF066-1676-47C2-AA61-9E0FB790DAF7}.Release|Any CPU.Build.0 = Release|Any CPU
		{40B89304-5D77-42BA-91C7-218B6DA3870A}.Debug|Any CPU.ActiveCfg = Debug|Any CPU
		{40B89304-5D77-42BA-91C7-218B6DA3870A}.Debug|Any CPU.Build.0 = Debug|Any CPU
		{40B89304-5D77-42BA-91C7-218B6DA3870A}.Release|Any CPU.ActiveCfg = Release|Any CPU
		{40B89304-5D77-42BA-91C7-218B6DA3870A}.Release|Any CPU.Build.0 = Release|Any CPU
		{16E9C96E-5269-439D-A76E-860D940E2FE1}.Debug|Any CPU.ActiveCfg = Debug|Any CPU
		{16E9C96E-5269-439D-A76E-860D940E2FE1}.Debug|Any CPU.Build.0 = Debug|Any CPU
		{16E9C96E-5269-439D-A76E-860D940E2FE1}.Release|Any CPU.ActiveCfg = Release|Any CPU
		{16E9C96E-5269-439D-A76E-860D940E2FE1}.Release|Any CPU.Build.0 = Release|Any CPU
		{F97BAFC2-43C8-4374-8124-5C94274958EB}.Debug|Any CPU.ActiveCfg = Debug|Any CPU
		{F97BAFC2-43C8-4374-8124-5C94274958EB}.Debug|Any CPU.Build.0 = Debug|Any CPU
		{F97BAFC2-43C8-4374-8124-5C94274958EB}.Release|Any CPU.ActiveCfg = Release|Any CPU
		{F97BAFC2-43C8-4374-8124-5C94274958EB}.Release|Any CPU.Build.0 = Release|Any CPU
		{6747DFBD-8D86-4426-8D5F-608E285CB936}.Debug|Any CPU.ActiveCfg = Debug|Any CPU
		{6747DFBD-8D86-4426-8D5F-608E285CB936}.Debug|Any CPU.Build.0 = Debug|Any CPU
		{6747DFBD-8D86-4426-8D5F-608E285CB936}.Release|Any CPU.ActiveCfg = Release|Any CPU
		{6747DFBD-8D86-4426-8D5F-608E285CB936}.Release|Any CPU.Build.0 = Release|Any CPU
		{DEBAB69C-819A-428C-BF27-89165D3FC600}.Debug|Any CPU.ActiveCfg = Debug|Any CPU
		{DEBAB69C-819A-428C-BF27-89165D3FC600}.Debug|Any CPU.Build.0 = Debug|Any CPU
		{DEBAB69C-819A-428C-BF27-89165D3FC600}.Release|Any CPU.ActiveCfg = Release|Any CPU
		{DEBAB69C-819A-428C-BF27-89165D3FC600}.Release|Any CPU.Build.0 = Release|Any CPU
		{0A5E5E25-5939-463E-BF2D-C6A1387C9AB2}.Debug|Any CPU.ActiveCfg = Debug|Any CPU
		{0A5E5E25-5939-463E-BF2D-C6A1387C9AB2}.Debug|Any CPU.Build.0 = Debug|Any CPU
		{0A5E5E25-5939-463E-BF2D-C6A1387C9AB2}.Release|Any CPU.ActiveCfg = Release|Any CPU
		{0A5E5E25-5939-463E-BF2D-C6A1387C9AB2}.Release|Any CPU.Build.0 = Release|Any CPU
		{A47D8D42-2835-4313-A232-B726F8EB9911}.Debug|Any CPU.ActiveCfg = Debug|Any CPU
		{A47D8D42-2835-4313-A232-B726F8EB9911}.Debug|Any CPU.Build.0 = Debug|Any CPU
		{A47D8D42-2835-4313-A232-B726F8EB9911}.Release|Any CPU.ActiveCfg = Release|Any CPU
		{A47D8D42-2835-4313-A232-B726F8EB9911}.Release|Any CPU.Build.0 = Release|Any CPU
	EndGlobalSection
	GlobalSection(SolutionProperties) = preSolution
		HideSolutionNode = FALSE
	EndGlobalSection
	GlobalSection(ExtensibilityGlobals) = postSolution
		SolutionGuid = {FFCD88D8-5749-49A0-8F38-077D25BB4541}
	EndGlobalSection
EndGlobal
