
Microsoft Visual Studio Solution File, Format Version 12.00
# Visual Studio Version 17
VisualStudioVersion = 17.0.31903.59
MinimumVisualStudioVersion = 10.0.40219.1
Project("{2150E333-8FDC-42A3-9474-1A3956D46DE8}") = "Problems", "Problems", "{BEC6521A-F901-2BBF-F273-35A4FDC6E8A1}"
EndProject
Project("{FAE04EC0-301F-11D3-BF4B-00C04F79EFBC}") = "AlumniRosterSerializer", "Problems\AlumniRosterSerializer\AlumniRosterSerializer.csproj", "{7DC4735B-F07F-4AEF-AE27-F749111B0117}"
EndProject
Project("{FAE04EC0-301F-11D3-BF4B-00C04F79EFBC}") = "ProductExportScanner", "Problems\ProductExportScanner\ProductExportScanner.csproj", "{E584B70A-FDD1-4561-A0B6-0536E3C4787E}"
EndProject
Project("{FAE04EC0-301F-11D3-BF4B-00C04F79EFBC}") = "CustomerImportValidator", "Problems\CustomerImportValidator\CustomerImportValidator.csproj", "{FD41C0E2-36A2-4336-AAED-83AC5042DCDE}"
EndProject
Project("{FAE04EC0-301F-11D3-BF4B-00C04F79EFBC}") = "FlexibleFeedAdapter", "Problems\FlexibleFeedAdapter\FlexibleFeedAdapter.csproj", "{3A8DEC18-47E8-48D5-B892-0A665ACE4089}"
EndProject
Project("{FAE04EC0-301F-11D3-BF4B-00C04F79EFBC}") = "WarehouseOrderRouter", "Problems\WarehouseOrderRouter\WarehouseOrderRouter.csproj", "{A6831ECF-7F82-4913-9DAE-F50A527A1D02}"
EndProject
Project("{FAE04EC0-301F-11D3-BF4B-00C04F79EFBC}") = "DocumentArchivePipeline", "Problems\DocumentArchivePipeline\DocumentArchivePipeline.csproj", "{4E7BD83D-887E-4C1D-8344-A6C53D44B9FB}"
EndProject
Project("{FAE04EC0-301F-11D3-BF4B-00C04F79EFBC}") = "ConfigSnapshotMerger", "Problems\ConfigSnapshotMerger\ConfigSnapshotMerger.csproj", "{C93F83BB-FF6C-4DD2-BCDF-5D2D6512AC36}"
EndProject
Global
	GlobalSection(SolutionConfigurationPlatforms) = preSolution
		Debug|Any CPU = Debug|Any CPU
		Debug|x64 = Debug|x64
		Debug|x86 = Debug|x86
		Release|Any CPU = Release|Any CPU
		Release|x64 = Release|x64
		Release|x86 = Release|x86
	EndGlobalSection
	GlobalSection(ProjectConfigurationPlatforms) = postSolution
		{7DC4735B-F07F-4AEF-AE27-F749111B0117}.Debug|Any CPU.ActiveCfg = Debug|Any CPU
		{7DC4735B-F07F-4AEF-AE27-F749111B0117}.Debug|Any CPU.Build.0 = Debug|Any CPU
		{7DC4735B-F07F-4AEF-AE27-F749111B0117}.Debug|x64.ActiveCfg = Debug|Any CPU
		{7DC4735B-F07F-4AEF-AE27-F749111B0117}.Debug|x64.Build.0 = Debug|Any CPU
		{7DC4735B-F07F-4AEF-AE27-F749111B0117}.Debug|x86.ActiveCfg = Debug|Any CPU
		{7DC4735B-F07F-4AEF-AE27-F749111B0117}.Debug|x86.Build.0 = Debug|Any CPU
		{7DC4735B-F07F-4AEF-AE27-F749111B0117}.Release|Any CPU.ActiveCfg = Release|Any CPU
		{7DC4735B-F07F-4AEF-AE27-F749111B0117}.Release|Any CPU.Build.0 = Release|Any CPU
		{7DC4735B-F07F-4AEF-AE27-F749111B0117}.Release|x64.ActiveCfg = Release|Any CPU
		{7DC4735B-F07F-4AEF-AE27-F749111B0117}.Release|x64.Build.0 = Release|Any CPU
		{7DC4735B-F07F-4AEF-AE27-F749111B0117}.Release|x86.ActiveCfg = Release|Any CPU
		{7DC4735B-F07F-4AEF-AE27-F749111B0117}.Release|x86.Build.0 = Release|Any CPU
		{E584B70A-FDD1-4561-A0B6-0536E3C4787E}.Debug|Any CPU.ActiveCfg = Debug|Any CPU
		{E584B70A-FDD1-4561-A0B6-0536E3C4787E}.Debug|Any CPU.Build.0 = Debug|Any CPU
		{E584B70A-FDD1-4561-A0B6-0536E3C4787E}.Debug|x64.ActiveCfg = Debug|Any CPU
		{E584B70A-FDD1-4561-A0B6-0536E3C4787E}.Debug|x64.Build.0 = Debug|Any CPU
		{E584B70A-FDD1-4561-A0B6-0536E3C4787E}.Debug|x86.ActiveCfg = Debug|Any CPU
		{E584B70A-FDD1-4561-A0B6-0536E3C4787E}.Debug|x86.Build.0 = Debug|Any CPU
		{E584B70A-FDD1-4561-A0B6-0536E3C4787E}.Release|Any CPU.ActiveCfg = Release|Any CPU
		{E584B70A-FDD1-4561-A0B6-0536E3C4787E}.Release|Any CPU.Build.0 = Release|Any CPU
		{E584B70A-FDD1-4561-A0B6-0536E3C4787E}.Release|x64.ActiveCfg = Release|Any CPU
		{E584B70A-FDD1-4561-A0B6-0536E3C4787E}.Release|x64.Build.0 = Release|Any CPU
		{E584B70A-FDD1-4561-A0B6-0536E3C4787E}.Release|x86.ActiveCfg = Release|Any CPU
		{E584B70A-FDD1-4561-A0B6-0536E3C4787E}.Release|x86.Build.0 = Release|Any CPU
		{FD41C0E2-36A2-4336-AAED-83AC5042DCDE}.Debug|Any CPU.ActiveCfg = Debug|Any CPU
		{FD41C0E2-36A2-4336-AAED-83AC5042DCDE}.Debug|Any CPU.Build.0 = Debug|Any CPU
		{FD41C0E2-36A2-4336-AAED-83AC5042DCDE}.Debug|x64.ActiveCfg = Debug|Any CPU
		{FD41C0E2-36A2-4336-AAED-83AC5042DCDE}.Debug|x64.Build.0 = Debug|Any CPU
		{FD41C0E2-36A2-4336-AAED-83AC5042DCDE}.Debug|x86.ActiveCfg = Debug|Any CPU
		{FD41C0E2-36A2-4336-AAED-83AC5042DCDE}.Debug|x86.Build.0 = Debug|Any CPU
		{FD41C0E2-36A2-4336-AAED-83AC5042DCDE}.Release|Any CPU.ActiveCfg = Release|Any CPU
		{FD41C0E2-36A2-4336-AAED-83AC5042DCDE}.Release|Any CPU.Build.0 = Release|Any CPU
		{FD41C0E2-36A2-4336-AAED-83AC5042DCDE}.Release|x64.ActiveCfg = Release|Any CPU
		{FD41C0E2-36A2-4336-AAED-83AC5042DCDE}.Release|x64.Build.0 = Release|Any CPU
		{FD41C0E2-36A2-4336-AAED-83AC5042DCDE}.Release|x86.ActiveCfg = Release|Any CPU
		{FD41C0E2-36A2-4336-AAED-83AC5042DCDE}.Release|x86.Build.0 = Release|Any CPU
		{3A8DEC18-47E8-48D5-B892-0A665ACE4089}.Debug|Any CPU.ActiveCfg = Debug|Any CPU
		{3A8DEC18-47E8-48D5-B892-0A665ACE4089}.Debug|Any CPU.Build.0 = Debug|Any CPU
		{3A8DEC18-47E8-48D5-B892-0A665ACE4089}.Debug|x64.ActiveCfg = Debug|Any CPU
		{3A8DEC18-47E8-48D5-B892-0A665ACE4089}.Debug|x64.Build.0 = Debug|Any CPU
		{3A8DEC18-47E8-48D5-B892-0A665ACE4089}.Debug|x86.ActiveCfg = Debug|Any CPU
		{3A8DEC18-47E8-48D5-B892-0A665ACE4089}.Debug|x86.Build.0 = Debug|Any CPU
		{3A8DEC18-47E8-48D5-B892-0A665ACE4089}.Release|Any CPU.ActiveCfg = Release|Any CPU
		{3A8DEC18-47E8-48D5-B892-0A665ACE4089}.Release|Any CPU.Build.0 = Release|Any CPU
		{3A8DEC18-47E8-48D5-B892-0A665ACE4089}.Release|x64.ActiveCfg = Release|Any CPU
		{3A8DEC18-47E8-48D5-B892-0A665ACE4089}.Release|x64.Build.0 = Release|Any CPU
		{3A8DEC18-47E8-48D5-B892-0A665ACE4089}.Release|x86.ActiveCfg = Release|Any CPU
		{3A8DEC18-47E8-48D5-B892-0A665ACE4089}.Release|x86.Build.0 = Release|Any CPU
		{A6831ECF-7F82-4913-9DAE-F50A527A1D02}.Debug|Any CPU.ActiveCfg = Debug|Any CPU
		{A6831ECF-7F82-4913-9DAE-F50A527A1D02}.Debug|Any CPU.Build.0 = Debug|Any CPU
		{A6831ECF-7F82-4913-9DAE-F50A527A1D02}.Debug|x64.ActiveCfg = Debug|Any CPU
		{A6831ECF-7F82-4913-9DAE-F50A527A1D02}.Debug|x64.Build.0 = Debug|Any CPU
		{A6831ECF-7F82-4913-9DAE-F50A527A1D02}.Debug|x86.ActiveCfg = Debug|Any CPU
		{A6831ECF-7F82-4913-9DAE-F50A527A1D02}.Debug|x86.Build.0 = Debug|Any CPU
		{A6831ECF-7F82-4913-9DAE-F50A527A1D02}.Release|Any CPU.ActiveCfg = Release|Any CPU
		{A6831ECF-7F82-4913-9DAE-F50A527A1D02}.Release|Any CPU.Build.0 = Release|Any CPU
		{A6831ECF-7F82-4913-9DAE-F50A527A1D02}.Release|x64.ActiveCfg = Release|Any CPU
		{A6831ECF-7F82-4913-9DAE-F50A527A1D02}.Release|x64.Build.0 = Release|Any CPU
		{A6831ECF-7F82-4913-9DAE-F50A527A1D02}.Release|x86.ActiveCfg = Release|Any CPU
		{A6831ECF-7F82-4913-9DAE-F50A527A1D02}.Release|x86.Build.0 = Release|Any CPU
		{4E7BD83D-887E-4C1D-8344-A6C53D44B9FB}.Debug|Any CPU.ActiveCfg = Debug|Any CPU
		{4E7BD83D-887E-4C1D-8344-A6C53D44B9FB}.Debug|Any CPU.Build.0 = Debug|Any CPU
		{4E7BD83D-887E-4C1D-8344-A6C53D44B9FB}.Debug|x64.ActiveCfg = Debug|Any CPU
		{4E7BD83D-887E-4C1D-8344-A6C53D44B9FB}.Debug|x64.Build.0 = Debug|Any CPU
		{4E7BD83D-887E-4C1D-8344-A6C53D44B9FB}.Debug|x86.ActiveCfg = Debug|Any CPU
		{4E7BD83D-887E-4C1D-8344-A6C53D44B9FB}.Debug|x86.Build.0 = Debug|Any CPU
		{4E7BD83D-887E-4C1D-8344-A6C53D44B9FB}.Release|Any CPU.ActiveCfg = Release|Any CPU
		{4E7BD83D-887E-4C1D-8344-A6C53D44B9FB}.Release|Any CPU.Build.0 = Release|Any CPU
		{4E7BD83D-887E-4C1D-8344-A6C53D44B9FB}.Release|x64.ActiveCfg = Release|Any CPU
		{4E7BD83D-887E-4C1D-8344-A6C53D44B9FB}.Release|x64.Build.0 = Release|Any CPU
		{4E7BD83D-887E-4C1D-8344-A6C53D44B9FB}.Release|x86.ActiveCfg = Release|Any CPU
		{4E7BD83D-887E-4C1D-8344-A6C53D44B9FB}.Release|x86.Build.0 = Release|Any CPU
		{C93F83BB-FF6C-4DD2-BCDF-5D2D6512AC36}.Debug|Any CPU.ActiveCfg = Debug|Any CPU
		{C93F83BB-FF6C-4DD2-BCDF-5D2D6512AC36}.Debug|Any CPU.Build.0 = Debug|Any CPU
		{C93F83BB-FF6C-4DD2-BCDF-5D2D6512AC36}.Debug|x64.ActiveCfg = Debug|Any CPU
		{C93F83BB-FF6C-4DD2-BCDF-5D2D6512AC36}.Debug|x64.Build.0 = Debug|Any CPU
		{C93F83BB-FF6C-4DD2-BCDF-5D2D6512AC36}.Debug|x86.ActiveCfg = Debug|Any CPU
		{C93F83BB-FF6C-4DD2-BCDF-5D2D6512AC36}.Debug|x86.Build.0 = Debug|Any CPU
		{C93F83BB-FF6C-4DD2-BCDF-5D2D6512AC36}.Release|Any CPU.ActiveCfg = Release|Any CPU
		{C93F83BB-FF6C-4DD2-BCDF-5D2D6512AC36}.Release|Any CPU.Build.0 = Release|Any CPU
		{C93F83BB-FF6C-4DD2-BCDF-5D2D6512AC36}.Release|x64.ActiveCfg = Release|Any CPU
		{C93F83BB-FF6C-4DD2-BCDF-5D2D6512AC36}.Release|x64.Build.0 = Release|Any CPU
		{C93F83BB-FF6C-4DD2-BCDF-5D2D6512AC36}.Release|x86.ActiveCfg = Release|Any CPU
		{C93F83BB-FF6C-4DD2-BCDF-5D2D6512AC36}.Release|x86.Build.0 = Release|Any CPU
	EndGlobalSection
	GlobalSection(SolutionProperties) = preSolution
		HideSolutionNode = FALSE
	EndGlobalSection
	GlobalSection(NestedProjects) = preSolution
		{7DC4735B-F07F-4AEF-AE27-F749111B0117} = {BEC6521A-F901-2BBF-F273-35A4FDC6E8A1}
		{E584B70A-FDD1-4561-A0B6-0536E3C4787E} = {BEC6521A-F901-2BBF-F273-35A4FDC6E8A1}
		{FD41C0E2-36A2-4336-AAED-83AC5042DCDE} = {BEC6521A-F901-2BBF-F273-35A4FDC6E8A1}
		{3A8DEC18-47E8-48D5-B892-0A665ACE4089} = {BEC6521A-F901-2BBF-F273-35A4FDC6E8A1}
		{A6831ECF-7F82-4913-9DAE-F50A527A1D02} = {BEC6521A-F901-2BBF-F273-35A4FDC6E8A1}
		{4E7BD83D-887E-4C1D-8344-A6C53D44B9FB} = {BEC6521A-F901-2BBF-F273-35A4FDC6E8A1}
		{C93F83BB-FF6C-4DD2-BCDF-5D2D6512AC36} = {BEC6521A-F901-2BBF-F273-35A4FDC6E8A1}
	EndGlobalSection
EndGlobal
